Microsoft Visual Studio Solution File, Format Version 12.00
# Visual Studio 15
VisualStudioVersion = 15.0.28307.102
MinimumVisualStudioVersion = 10.0.40219.1
Project("{9A19103F-16F7-4668-BE54-9A1E7A4F7556}") = "corlib-net_4_x", "class\corlib\corlib-net_4_x.csproj", "{4627BDAB-CA24-40D0-A627-01692BA51B44}"
EndProject
Project("{FAE04EC0-301F-11D3-BF4B-00C04F79EFBC}") = "Mono.Security-net_4_x", "class\Mono.Security\Mono.Security-net_4_x.csproj", "{42D59DE7-586F-4ACF-BDD5-E7869E39E3EF}"
EndProject
Project("{FAE04EC0-301F-11D3-BF4B-00C04F79EFBC}") = "System-bare-net_4_x", "class\System\System-bare-net_4_x.csproj", "{483DB7F6-9145-4AE2-B9B2-2B5EE6FDEFB4}"
EndProject
Project("{FAE04EC0-301F-11D3-BF4B-00C04F79EFBC}") = "System-net_4_x", "class\System\System-net_4_x.csproj", "{2762E921-91A8-4C87-91E9-BA628013F753}"
EndProject
Project("{FAE04EC0-301F-11D3-BF4B-00C04F79EFBC}") = "System.Xml-net_4_x", "class\System.XML\System.Xml-net_4_x.csproj", "{87FD2F0F-5222-4AE6-BD63-2D4975E11E5B}"
EndProject
Project("{FAE04EC0-301F-11D3-BF4B-00C04F79EFBC}") = "System-secxml-net_4_x", "class\System\System-secxml-net_4_x.csproj", "{19954F80-065E-4D46-8FEF-62BA4D6CFDAD}"
EndProject
Project("{FAE04EC0-301F-11D3-BF4B-00C04F79EFBC}") = "System.Xml-bare-net_4_x", "class\System.XML\System.Xml-bare-net_4_x.csproj", "{A5216031-11A3-44DD-B2FF-A14AE63BD0C3}"
EndProject
Project("{FAE04EC0-301F-11D3-BF4B-00C04F79EFBC}") = "System.Configuration-net_4_x", "class\System.Configuration\System.Configuration-net_4_x.csproj", "{D5CDC09C-F19A-4811-A6C8-70F51CBFB644}"
EndProject
Project("{FAE04EC0-301F-11D3-BF4B-00C04F79EFBC}") = "System.Security-net_4_x", "class\System.Security\System.Security-net_4_x.csproj", "{3ED36717-A9D1-4289-8949-9B7F39766DEB}"
EndProject
Project("{FAE04EC0-301F-11D3-BF4B-00C04F79EFBC}") = "Mono.Posix-net_4_x", "class\Mono.Posix\Mono.Posix-net_4_x.csproj", "{66DBB049-785B-4C2E-9EF6-C9E163F7DDD1}"
EndProject
Project("{FAE04EC0-301F-11D3-BF4B-00C04F79EFBC}") = "System.Core-net_4_x", "class\System.Core\System.Core-net_4_x.csproj", "{359142A1-D80F-401E-AA64-7167C9317649}"
EndProject
Project("{FAE04EC0-301F-11D3-BF4B-00C04F79EFBC}") = "resgen-net_4_x", "tools\resgen\resgen-net_4_x.csproj", "{647DC12E-A4EE-424A-9EC7-CE6643EE2EF7}"
EndProject
Project("{FAE04EC0-301F-11D3-BF4B-00C04F79EFBC}") = "System.Transactions-net_4_x", "class\System.Transactions\System.Transactions-net_4_x.csproj", "{3821C69F-220D-4231-992C-0FE05311A005}"
EndProject
Project("{FAE04EC0-301F-11D3-BF4B-00C04F79EFBC}") = "Mono.Data.Tds-net_4_x", "class\Mono.Data.Tds\Mono.Data.Tds-net_4_x.csproj", "{39F59AE4-1381-4275-B14E-16D786F40B93}"
EndProject
Project("{FAE04EC0-301F-11D3-BF4B-00C04F79EFBC}") = "System.Data-net_4_x", "class\System.Data\System.Data-net_4_x.csproj", "{EC439BB8-FFED-4A32-A05D-2FA3A70CAD64}"
EndProject
Project("{FAE04EC0-301F-11D3-BF4B-00C04F79EFBC}") = "System.ComponentModel.DataAnnotations-net_4_x", "class\System.ComponentModel.DataAnnotations\System.ComponentModel.DataAnnotations-net_4_x.csproj", "{8F86C287-38A5-49F8-BE6D-1E0E3D74AF39}"
EndProject
Project("{FAE04EC0-301F-11D3-BF4B-00C04F79EFBC}") = "System.Runtime.Serialization.Formatters.Soap-net_4_x", "class\System.Runtime.Serialization.Formatters.Soap\System.Runtime.Serialization.Formatters.Soap-net_4_x.csproj", "{A157AD69-59D4-49DE-94B3-DB883B2BEAA5}"
EndProject
Project("{FAE04EC0-301F-11D3-BF4B-00C04F79EFBC}") = "Mono.Data.Sqlite-net_4_x", "class\Mono.Data.Sqlite\Mono.Data.Sqlite-net_4_x.csproj", "{371560EA-7BD3-4025-90CB-F1B112403CF2}"
EndProject
Project("{FAE04EC0-301F-11D3-BF4B-00C04F79EFBC}") = "System.Web.ApplicationServices-net_4_x", "class\System.Web.ApplicationServices\System.Web.ApplicationServices-net_4_x.csproj", "{928432BE-3518-4103-97F6-48B9658588A6}"
EndProject
Project("{FAE04EC0-301F-11D3-BF4B-00C04F79EFBC}") = "System.Web-net_4_x", "class\System.Web\System.Web-net_4_x.csproj", "{9DB806CB-B828-49B7-BAE2-2E52402CB4DC}"
EndProject
Project("{FAE04EC0-301F-11D3-BF4B-00C04F79EFBC}") = "System.Web-plainweb-net_4_x", "class\System.Web\System.Web-plainweb-net_4_x.csproj", "{DE51B021-D51C-4F26-99EE-B0729D97631E}"
EndProject
Project("{FAE04EC0-301F-11D3-BF4B-00C04F79EFBC}") = "System.Runtime.Remoting-net_4_x", "class\System.Runtime.Remoting\System.Runtime.Remoting-net_4_x.csproj", "{F19F77AE-1A81-4676-BAB8-6C1DA243A961}"
EndProject
Project("{FAE04EC0-301F-11D3-BF4B-00C04F79EFBC}") = "System.Configuration.Install-net_4_x", "class\System.Configuration.Install\System.Configuration.Install-net_4_x.csproj", "{B144ACD4-089D-4769-8605-583FBEDB5B7C}"
EndProject
Project("{FAE04EC0-301F-11D3-BF4B-00C04F79EFBC}") = "System.Runtime.Serialization-net_4_x", "class\System.Runtime.Serialization\System.Runtime.Serialization-net_4_x.csproj", "{D845AD9D-3CCB-49CB-9543-028678E94938}"
EndProject
Project("{FAE04EC0-301F-11D3-BF4B-00C04F79EFBC}") = "System.Xml.Linq-net_4_x", "class\System.Xml.Linq\System.Xml.Linq-net_4_x.csproj", "{526286D5-38D9-4579-B001-471440D57752}"
EndProject
Project("{FAE04EC0-301F-11D3-BF4B-00C04F79EFBC}") = "System.Data.Linq-net_4_x", "class\System.Data.Linq\System.Data.Linq-net_4_x.csproj", "{E6EE9E9A-42BA-4202-8813-FCF40E9061BF}"
EndProject
Project("{FAE04EC0-301F-11D3-BF4B-00C04F79EFBC}") = "System.Web.Abstractions-net_4_x", "class\System.Web.Abstractions\System.Web.Abstractions-net_4_x.csproj", "{79D6E70D-8FD8-4EAA-9E81-B32B5C2815FB}"
EndProject
Project("{FAE04EC0-301F-11D3-BF4B-00C04F79EFBC}") = "System.Runtime.DurableInstancing-net_4_x", "class\System.Runtime.DurableInstancing\System.Runtime.DurableInstancing-net_4_x.csproj", "{67822258-3D1E-449F-ACDD-BE1918B44458}"
EndProject
Project("{FAE04EC0-301F-11D3-BF4B-00C04F79EFBC}") = "System.Net-net_4_x", "class\System.Net\System.Net-net_4_x.csproj", "{A455F1BB-6273-4BAE-985C-563BED11D529}"
EndProject
Project("{FAE04EC0-301F-11D3-BF4B-00C04F79EFBC}") = "System.Net.Http-net_4_x", "class\System.Net.Http\System.Net.Http-net_4_x.csproj", "{F1636C0A-FC68-4362-918F-9CCC789FED13}"
EndProject
Project("{FAE04EC0-301F-11D3-BF4B-00C04F79EFBC}") = "System.Net.Http.WebRequest-net_4_x", "class\System.Net.Http.WebRequest\System.Net.Http.WebRequest-net_4_x.csproj", "{A98B5CC3-EAFC-4EFD-ABC6-2F2A65BE98F5}"
EndProject
Project("{FAE04EC0-301F-11D3-BF4B-00C04F79EFBC}") = "System.Net.Http.Formatting-net_4_x", "class\System.Net.Http.Formatting\System.Net.Http.Formatting-net_4_x.csproj", "{5883D056-B748-4D13-A7E3-2D2756CDC6BC}"
EndProject
Project("{FAE04EC0-301F-11D3-BF4B-00C04F79EFBC}") = "System.Runtime.InteropServices.RuntimeInformation-net_4_x", "class\System.Runtime.InteropServices.RuntimeInformation\System.Runtime.InteropServices.RuntimeInformation-net_4_x.csproj", "{1E1BC1A8-EAD2-496C-A6D6-8AFABD741F56}"
EndProject
Project("{FAE04EC0-301F-11D3-BF4B-00C04F79EFBC}") = "Mono.Security.Win32-net_4_x", "class\Mono.Security.Win32\Mono.Security.Win32-net_4_x.csproj", "{994BF3A4-85FD-4FDB-9120-C3A3B44A57CD}"
EndProject
Project("{FAE04EC0-301F-11D3-BF4B-00C04F79EFBC}") = "System.Dynamic-net_4_x", "class\System.Dynamic\System.Dynamic-net_4_x.csproj", "{5428F1E0-B0ED-46D6-B429-27D1A1C175C0}"
EndProject
Project("{FAE04EC0-301F-11D3-BF4B-00C04F79EFBC}") = "System.Data.Services.Client-net_4_x", "class\System.Data.Services.Client\System.Data.Services.Client-net_4_x.csproj", "{2FFB9A8F-DB7B-41FF-9398-15DF81AE1BC8}"
EndProject
Project("{FAE04EC0-301F-11D3-BF4B-00C04F79EFBC}") = "System.Data.Services-net_4_x", "class\System.Data.Services\System.Data.Services-net_4_x.csproj", "{5A287CAF-8FA4-42F7-976D-EE16D76CF2F1}"
EndProject
Project("{FAE04EC0-301F-11D3-BF4B-00C04F79EFBC}") = "System.Data.Entity-net_4_x", "class\System.Data.Entity\System.Data.Entity-net_4_x.csproj", "{A559EE60-2FE6-47DD-B4B8-0097BD242D86}"
EndProject
Project("{FAE04EC0-301F-11D3-BF4B-00C04F79EFBC}") = "System.Data.DataSetExtensions-net_4_x", "class\System.Data.DataSetExtensions\System.Data.DataSetExtensions-net_4_x.csproj", "{64D286EF-32EA-4494-9DD6-36609597A11A}"
EndProject
Project("{FAE04EC0-301F-11D3-BF4B-00C04F79EFBC}") = "System.Threading.Tasks.Dataflow-net_4_x", "class\System.Threading.Tasks.Dataflow\System.Threading.Tasks.Dataflow-net_4_x.csproj", "{70A422C5-17AF-48EE-8DD8-CF88D482606C}"
EndProject
Project("{FAE04EC0-301F-11D3-BF4B-00C04F79EFBC}") = "System.ComponentModel.Composition-net_4_x", "class\System.ComponentModel.Composition.4.5\System.ComponentModel.Composition-net_4_x.csproj", "{9091B5ED-8AFF-4B93-801A-9A33E0895A2B}"
EndProject
Project("{FAE04EC0-301F-11D3-BF4B-00C04F79EFBC}") = "System.Xml.Serialization-net_4_x", "class\System.Xml.Serialization\System.Xml.Serialization-net_4_x.csproj", "{2210873E-99FC-48A2-A261-D650BAE33A1C}"
EndProject
Project("{FAE04EC0-301F-11D3-BF4B-00C04F79EFBC}") = "culevel", "tools\culevel\culevel.csproj", "{E2DFB2FB-5133-4471-AE5C-5E4D21266009}"
EndProject
Project("{FAE04EC0-301F-11D3-BF4B-00C04F79EFBC}") = "cil-stringreplacer-net_4_x", "tools\cil-stringreplacer\cil-stringreplacer-net_4_x.csproj", "{FD725431-CB26-466D-BD55-C739485A50C9}"
EndProject
Project("{FAE04EC0-301F-11D3-BF4B-00C04F79EFBC}") = "sgen-net_4_x", "tools\sgen\sgen-net_4_x.csproj", "{8A516908-7CA0-40A7-86DD-0BEE1F4496C6}"
EndProject
Project("{2150E333-8FDC-42A3-9474-1A3956D46DE8}") = "Base", "Base", "{04CE00A3-E847-4C67-997E-C0D7101BF98B}"
EndProject
Project("{2150E333-8FDC-42A3-9474-1A3956D46DE8}") = "Data", "Data", "{E1B404C3-0C4C-4B72-98C2-0ED95D7252A9}"
EndProject
Project("{2150E333-8FDC-42A3-9474-1A3956D46DE8}") = "Comp", "Comp", "{13BBBE4B-BB4F-43D2-B173-44C5E3F025F6}"
EndProject
Project("{2150E333-8FDC-42A3-9474-1A3956D46DE8}") = "Net", "Net", "{82ADCD3E-FB63-44D5-A832-775AAE9C79F2}"
EndProject
Project("{2150E333-8FDC-42A3-9474-1A3956D46DE8}") = "Web", "Web", "{FB463012-EB39-4915-BAA7-332DEBA6A68F}"
EndProject
Project("{9A19103F-16F7-4668-BE54-9A1E7A4F7556}") = "TestWeb", "TestWeb\TestWeb.csproj", "{A66E42E4-023C-4B96-B80A-C212F0733CEF}"
EndProject
Project("{9A19103F-16F7-4668-BE54-9A1E7A4F7556}") = "corlib.Debug", "class\corlib.Debug\corlib.Debug.csproj", "{3217701B-C904-4468-B0E7-5B219810D402}"
EndProject
Project("{8BC9CEB8-8B4A-11D0-8D11-00A0C91BC942}") = "libmono-dynamic", "..\mono08\msvc\libmono-dynamic.vcxproj", "{675F4175-FFB1-480D-AD36-F397578844D4}"
EndProject
Project("{8BC9CEB8-8B4A-11D0-8D11-00A0C91BC942}") = "mono8", "..\mono08\msvc\mono8.vcxproj", "{A30404A3-32AB-4583-8E5D-27D5C0A0D706}"
EndProject
Project("{8BC9CEB8-8B4A-11D0-8D11-00A0C91BC942}") = "libgc", "..\mono08\msvc\libgc.vcxproj", "{EB56000B-C80B-4E8B-908D-D84D31B517D3}"
EndProject
Project("{8BC9CEB8-8B4A-11D0-8D11-00A0C91BC942}") = "eglib", "..\mono08\msvc\eglib.vcxproj", "{158073ED-99AE-4196-9EDC-DDB2344F8466}"
EndProject
Project("{9A19103F-16F7-4668-BE54-9A1E7A4F7556}") = "System.Net.Http.Formatting", "..\external\aspnetwebstack\src\System.Net.Http.Formatting\System.Net.Http.Formatting.csproj", "{668E9021-CE84-49D9-98FB-DF125A9FCDB0}"
EndProject
Project("{9A19103F-16F7-4668-BE54-9A1E7A4F7556}") = "System.Web.Razor", "..\external\aspnetwebstack\src\System.Web.Razor\System.Web.Razor.csproj", "{8F18041B-9410-4C36-A9C5-067813DF5F31}"
EndProject
Project("{2150E333-8FDC-42A3-9474-1A3956D46DE8}") = "Solution Items", "Solution Items", "{A636D77F-A024-4DFF-A04B-8F19201F4DC1}"
	ProjectSection(SolutionItems) = preProject
		..\README.md = ..\README.md
	EndProjectSection
EndProject
Project("{FAE04EC0-301F-11D3-BF4B-00C04F79EFBC}") = "System.Web.Mvc", "..\external\aspnetwebstack\src\System.Web.Mvc\System.Web.Mvc.csproj", "{3D3FFD8A-624D-4E9B-954B-E1C105507975}"
EndProject
Project("{9A19103F-16F7-4668-BE54-9A1E7A4F7556}") = "Mono.WebServer", "..\external\Mono.XSP\src\Mono.WebServer\Mono.WebServer.csproj", "{7BF9D505-E1D2-4AD9-BF08-9257C682FAEB}"
EndProject
Project("{2150E333-8FDC-42A3-9474-1A3956D46DE8}") = "Mvc", "Mvc", "{DD1C89DF-D7CE-498D-A37B-A61FC88E0266}"
EndProject
Project("{FAE04EC0-301F-11D3-BF4B-00C04F79EFBC}") = "System.Web.WebPages", "..\external\aspnetwebstack\src\System.Web.WebPages\System.Web.WebPages.csproj", "{76EFA9C5-8D7E-4FDF-B710-E20F8B6B00D2}"
EndProject
Project("{FAE04EC0-301F-11D3-BF4B-00C04F79EFBC}") = "System.Web.WebPages.Razor", "..\external\aspnetwebstack\src\System.Web.WebPages.Razor\System.Web.WebPages.Razor.csproj", "{0939B11A-FE4E-4BA1-8AD6-D97741EE314F}"
EndProject
Project("{9A19103F-16F7-4668-BE54-9A1E7A4F7556}") = "Mono.WebServer.XSP", "..\external\Mono.XSP\src\Mono.WebServer.XSP\Mono.WebServer.XSP.csproj", "{0EACA9B4-922A-45AA-A59B-EEBAC752E9E0}"
EndProject
Project("{FAE04EC0-301F-11D3-BF4B-00C04F79EFBC}") = "corlib", "class\corlib\corlib.csproj", "{DBE81DD8-5288-443E-8177-0B4EC698656A}"
EndProject
Global
	GlobalSection(SolutionConfigurationPlatforms) = preSolution
		Debug|Any CPU = Debug|Any CPU
		Debug|net_4_x = Debug|net_4_x
		Debug|x64 = Debug|x64
		Debug|x86 = Debug|x86
		Release|Any CPU = Release|Any CPU
		Release|net_4_x = Release|net_4_x
		Release|x64 = Release|x64
		Release|x86 = Release|x86
	EndGlobalSection
	GlobalSection(ProjectConfigurationPlatforms) = postSolution
		{4627BDAB-CA24-40D0-A627-01692BA51B44}.Debug|Any CPU.ActiveCfg = Debug|Any CPU
		{4627BDAB-CA24-40D0-A627-01692BA51B44}.Debug|Any CPU.Build.0 = Debug|Any CPU
		{4627BDAB-CA24-40D0-A627-01692BA51B44}.Debug|net_4_x.ActiveCfg = Debug|Any CPU
		{4627BDAB-CA24-40D0-A627-01692BA51B44}.Debug|x64.ActiveCfg = Debug|Any CPU
		{4627BDAB-CA24-40D0-A627-01692BA51B44}.Debug|x64.Build.0 = Debug|Any CPU
		{4627BDAB-CA24-40D0-A627-01692BA51B44}.Debug|x86.ActiveCfg = Debug|Any CPU
		{4627BDAB-CA24-40D0-A627-01692BA51B44}.Debug|x86.Build.0 = Debug|Any CPU
		{4627BDAB-CA24-40D0-A627-01692BA51B44}.Release|Any CPU.ActiveCfg = Debug|Any CPU
		{4627BDAB-CA24-40D0-A627-01692BA51B44}.Release|Any CPU.Build.0 = Debug|Any CPU
		{4627BDAB-CA24-40D0-A627-01692BA51B44}.Release|net_4_x.ActiveCfg = Release|Any CPU
		{4627BDAB-CA24-40D0-A627-01692BA51B44}.Release|x64.ActiveCfg = Release|Any CPU
		{4627BDAB-CA24-40D0-A627-01692BA51B44}.Release|x64.Build.0 = Release|Any CPU
		{4627BDAB-CA24-40D0-A627-01692BA51B44}.Release|x86.ActiveCfg = Debug|Any CPU
		{4627BDAB-CA24-40D0-A627-01692BA51B44}.Release|x86.Build.0 = Debug|Any CPU
		{42D59DE7-586F-4ACF-BDD5-E7869E39E3EF}.Debug|Any CPU.ActiveCfg = Debug|Any CPU
		{42D59DE7-586F-4ACF-BDD5-E7869E39E3EF}.Debug|Any CPU.Build.0 = Debug|Any CPU
		{42D59DE7-586F-4ACF-BDD5-E7869E39E3EF}.Debug|net_4_x.ActiveCfg = Debug|Any CPU
		{42D59DE7-586F-4ACF-BDD5-E7869E39E3EF}.Debug|net_4_x.Build.0 = Debug|Any CPU
		{42D59DE7-586F-4ACF-BDD5-E7869E39E3EF}.Debug|x64.ActiveCfg = Debug|x64
		{42D59DE7-586F-4ACF-BDD5-E7869E39E3EF}.Debug|x64.Build.0 = Debug|x64
		{42D59DE7-586F-4ACF-BDD5-E7869E39E3EF}.Debug|x86.ActiveCfg = Debug|Any CPU
		{42D59DE7-586F-4ACF-BDD5-E7869E39E3EF}.Debug|x86.Build.0 = Debug|Any CPU
		{42D59DE7-586F-4ACF-BDD5-E7869E39E3EF}.Release|Any CPU.ActiveCfg = Release|Any CPU
		{42D59DE7-586F-4ACF-BDD5-E7869E39E3EF}.Release|Any CPU.Build.0 = Release|Any CPU
		{42D59DE7-586F-4ACF-BDD5-E7869E39E3EF}.Release|net_4_x.ActiveCfg = Release|Any CPU
		{42D59DE7-586F-4ACF-BDD5-E7869E39E3EF}.Release|net_4_x.Build.0 = Release|Any CPU
		{42D59DE7-586F-4ACF-BDD5-E7869E39E3EF}.Release|x64.ActiveCfg = Release|x64
		{42D59DE7-586F-4ACF-BDD5-E7869E39E3EF}.Release|x64.Build.0 = Release|x64
		{42D59DE7-586F-4ACF-BDD5-E7869E39E3EF}.Release|x86.ActiveCfg = Release|Any CPU
		{42D59DE7-586F-4ACF-BDD5-E7869E39E3EF}.Release|x86.Build.0 = Release|Any CPU
		{483DB7F6-9145-4AE2-B9B2-2B5EE6FDEFB4}.Debug|Any CPU.ActiveCfg = Debug|Any CPU
		{483DB7F6-9145-4AE2-B9B2-2B5EE6FDEFB4}.Debug|Any CPU.Build.0 = Debug|Any CPU
		{483DB7F6-9145-4AE2-B9B2-2B5EE6FDEFB4}.Debug|net_4_x.ActiveCfg = Debug|Any CPU
		{483DB7F6-9145-4AE2-B9B2-2B5EE6FDEFB4}.Debug|net_4_x.Build.0 = Debug|Any CPU
		{483DB7F6-9145-4AE2-B9B2-2B5EE6FDEFB4}.Debug|x64.ActiveCfg = Debug|x64
		{483DB7F6-9145-4AE2-B9B2-2B5EE6FDEFB4}.Debug|x64.Build.0 = Debug|x64
		{483DB7F6-9145-4AE2-B9B2-2B5EE6FDEFB4}.Debug|x86.ActiveCfg = Debug|Any CPU
		{483DB7F6-9145-4AE2-B9B2-2B5EE6FDEFB4}.Debug|x86.Build.0 = Debug|Any CPU
		{483DB7F6-9145-4AE2-B9B2-2B5EE6FDEFB4}.Release|Any CPU.ActiveCfg = Release|Any CPU
		{483DB7F6-9145-4AE2-B9B2-2B5EE6FDEFB4}.Release|Any CPU.Build.0 = Release|Any CPU
		{483DB7F6-9145-4AE2-B9B2-2B5EE6FDEFB4}.Release|net_4_x.ActiveCfg = Release|Any CPU
		{483DB7F6-9145-4AE2-B9B2-2B5EE6FDEFB4}.Release|net_4_x.Build.0 = Release|Any CPU
		{483DB7F6-9145-4AE2-B9B2-2B5EE6FDEFB4}.Release|x64.ActiveCfg = Release|x64
		{483DB7F6-9145-4AE2-B9B2-2B5EE6FDEFB4}.Release|x64.Build.0 = Release|x64
		{483DB7F6-9145-4AE2-B9B2-2B5EE6FDEFB4}.Release|x86.ActiveCfg = Release|Any CPU
		{483DB7F6-9145-4AE2-B9B2-2B5EE6FDEFB4}.Release|x86.Build.0 = Release|Any CPU
		{2762E921-91A8-4C87-91E9-BA628013F753}.Debug|Any CPU.ActiveCfg = Debug|Any CPU
		{2762E921-91A8-4C87-91E9-BA628013F753}.Debug|Any CPU.Build.0 = Debug|Any CPU
		{2762E921-91A8-4C87-91E9-BA628013F753}.Debug|net_4_x.ActiveCfg = Debug|Any CPU
		{2762E921-91A8-4C87-91E9-BA628013F753}.Debug|net_4_x.Build.0 = Debug|Any CPU
		{2762E921-91A8-4C87-91E9-BA628013F753}.Debug|x64.ActiveCfg = Debug|x64
		{2762E921-91A8-4C87-91E9-BA628013F753}.Debug|x64.Build.0 = Debug|x64
		{2762E921-91A8-4C87-91E9-BA628013F753}.Debug|x86.ActiveCfg = Debug|Any CPU
		{2762E921-91A8-4C87-91E9-BA628013F753}.Debug|x86.Build.0 = Debug|Any CPU
		{2762E921-91A8-4C87-91E9-BA628013F753}.Release|Any CPU.ActiveCfg = Release|Any CPU
		{2762E921-91A8-4C87-91E9-BA628013F753}.Release|Any CPU.Build.0 = Release|Any CPU
		{2762E921-91A8-4C87-91E9-BA628013F753}.Release|net_4_x.ActiveCfg = Release|Any CPU
		{2762E921-91A8-4C87-91E9-BA628013F753}.Release|net_4_x.Build.0 = Release|Any CPU
		{2762E921-91A8-4C87-91E9-BA628013F753}.Release|x64.ActiveCfg = Release|x64
		{2762E921-91A8-4C87-91E9-BA628013F753}.Release|x64.Build.0 = Release|x64
		{2762E921-91A8-4C87-91E9-BA628013F753}.Release|x86.ActiveCfg = Release|Any CPU
		{2762E921-91A8-4C87-91E9-BA628013F753}.Release|x86.Build.0 = Release|Any CPU
		{87FD2F0F-5222-4AE6-BD63-2D4975E11E5B}.Debug|Any CPU.ActiveCfg = Debug|Any CPU
		{87FD2F0F-5222-4AE6-BD63-2D4975E11E5B}.Debug|Any CPU.Build.0 = Debug|Any CPU
		{87FD2F0F-5222-4AE6-BD63-2D4975E11E5B}.Debug|net_4_x.ActiveCfg = Debug|Any CPU
		{87FD2F0F-5222-4AE6-BD63-2D4975E11E5B}.Debug|net_4_x.Build.0 = Debug|Any CPU
		{87FD2F0F-5222-4AE6-BD63-2D4975E11E5B}.Debug|x64.ActiveCfg = Debug|x64
		{87FD2F0F-5222-4AE6-BD63-2D4975E11E5B}.Debug|x64.Build.0 = Debug|x64
		{87FD2F0F-5222-4AE6-BD63-2D4975E11E5B}.Debug|x86.ActiveCfg = Debug|Any CPU
		{87FD2F0F-5222-4AE6-BD63-2D4975E11E5B}.Debug|x86.Build.0 = Debug|Any CPU
		{87FD2F0F-5222-4AE6-BD63-2D4975E11E5B}.Release|Any CPU.ActiveCfg = Release|Any CPU
		{87FD2F0F-5222-4AE6-BD63-2D4975E11E5B}.Release|Any CPU.Build.0 = Release|Any CPU
		{87FD2F0F-5222-4AE6-BD63-2D4975E11E5B}.Release|net_4_x.ActiveCfg = Release|Any CPU
		{87FD2F0F-5222-4AE6-BD63-2D4975E11E5B}.Release|net_4_x.Build.0 = Release|Any CPU
		{87FD2F0F-5222-4AE6-BD63-2D4975E11E5B}.Release|x64.ActiveCfg = Release|x64
		{87FD2F0F-5222-4AE6-BD63-2D4975E11E5B}.Release|x64.Build.0 = Release|x64
		{87FD2F0F-5222-4AE6-BD63-2D4975E11E5B}.Release|x86.ActiveCfg = Release|Any CPU
		{87FD2F0F-5222-4AE6-BD63-2D4975E11E5B}.Release|x86.Build.0 = Release|Any CPU
		{19954F80-065E-4D46-8FEF-62BA4D6CFDAD}.Debug|Any CPU.ActiveCfg = Debug|Any CPU
		{19954F80-065E-4D46-8FEF-62BA4D6CFDAD}.Debug|Any CPU.Build.0 = Debug|Any CPU
		{19954F80-065E-4D46-8FEF-62BA4D6CFDAD}.Debug|net_4_x.ActiveCfg = Debug|Any CPU
		{19954F80-065E-4D46-8FEF-62BA4D6CFDAD}.Debug|net_4_x.Build.0 = Debug|Any CPU
		{19954F80-065E-4D46-8FEF-62BA4D6CFDAD}.Debug|x64.ActiveCfg = Debug|x64
		{19954F80-065E-4D46-8FEF-62BA4D6CFDAD}.Debug|x64.Build.0 = Debug|x64
		{19954F80-065E-4D46-8FEF-62BA4D6CFDAD}.Debug|x86.ActiveCfg = Debug|Any CPU
		{19954F80-065E-4D46-8FEF-62BA4D6CFDAD}.Debug|x86.Build.0 = Debug|Any CPU
		{19954F80-065E-4D46-8FEF-62BA4D6CFDAD}.Release|Any CPU.ActiveCfg = Release|Any CPU
		{19954F80-065E-4D46-8FEF-62BA4D6CFDAD}.Release|Any CPU.Build.0 = Release|Any CPU
		{19954F80-065E-4D46-8FEF-62BA4D6CFDAD}.Release|net_4_x.ActiveCfg = Release|Any CPU
		{19954F80-065E-4D46-8FEF-62BA4D6CFDAD}.Release|net_4_x.Build.0 = Release|Any CPU
		{19954F80-065E-4D46-8FEF-62BA4D6CFDAD}.Release|x64.ActiveCfg = Release|x64
		{19954F80-065E-4D46-8FEF-62BA4D6CFDAD}.Release|x64.Build.0 = Release|x64
		{19954F80-065E-4D46-8FEF-62BA4D6CFDAD}.Release|x86.ActiveCfg = Release|Any CPU
		{19954F80-065E-4D46-8FEF-62BA4D6CFDAD}.Release|x86.Build.0 = Release|Any CPU
		{A5216031-11A3-44DD-B2FF-A14AE63BD0C3}.Debug|Any CPU.ActiveCfg = Debug|Any CPU
		{A5216031-11A3-44DD-B2FF-A14AE63BD0C3}.Debug|Any CPU.Build.0 = Debug|Any CPU
		{A5216031-11A3-44DD-B2FF-A14AE63BD0C3}.Debug|net_4_x.ActiveCfg = Debug|Any CPU
		{A5216031-11A3-44DD-B2FF-A14AE63BD0C3}.Debug|net_4_x.Build.0 = Debug|Any CPU
		{A5216031-11A3-44DD-B2FF-A14AE63BD0C3}.Debug|x64.ActiveCfg = Debug|x64
		{A5216031-11A3-44DD-B2FF-A14AE63BD0C3}.Debug|x64.Build.0 = Debug|x64
		{A5216031-11A3-44DD-B2FF-A14AE63BD0C3}.Debug|x86.ActiveCfg = Debug|Any CPU
		{A5216031-11A3-44DD-B2FF-A14AE63BD0C3}.Debug|x86.Build.0 = Debug|Any CPU
		{A5216031-11A3-44DD-B2FF-A14AE63BD0C3}.Release|Any CPU.ActiveCfg = Release|Any CPU
		{A5216031-11A3-44DD-B2FF-A14AE63BD0C3}.Release|Any CPU.Build.0 = Release|Any CPU
		{A5216031-11A3-44DD-B2FF-A14AE63BD0C3}.Release|net_4_x.ActiveCfg = Release|Any CPU
		{A5216031-11A3-44DD-B2FF-A14AE63BD0C3}.Release|net_4_x.Build.0 = Release|Any CPU
		{A5216031-11A3-44DD-B2FF-A14AE63BD0C3}.Release|x64.ActiveCfg = Release|x64
		{A5216031-11A3-44DD-B2FF-A14AE63BD0C3}.Release|x64.Build.0 = Release|x64
		{A5216031-11A3-44DD-B2FF-A14AE63BD0C3}.Release|x86.ActiveCfg = Release|Any CPU
		{A5216031-11A3-44DD-B2FF-A14AE63BD0C3}.Release|x86.Build.0 = Release|Any CPU
		{D5CDC09C-F19A-4811-A6C8-70F51CBFB644}.Debug|Any CPU.ActiveCfg = Debug|Any CPU
		{D5CDC09C-F19A-4811-A6C8-70F51CBFB644}.Debug|Any CPU.Build.0 = Debug|Any CPU
		{D5CDC09C-F19A-4811-A6C8-70F51CBFB644}.Debug|net_4_x.ActiveCfg = Debug|Any CPU
		{D5CDC09C-F19A-4811-A6C8-70F51CBFB644}.Debug|net_4_x.Build.0 = Debug|Any CPU
		{D5CDC09C-F19A-4811-A6C8-70F51CBFB644}.Debug|x64.ActiveCfg = Debug|x64
		{D5CDC09C-F19A-4811-A6C8-70F51CBFB644}.Debug|x64.Build.0 = Debug|x64
		{D5CDC09C-F19A-4811-A6C8-70F51CBFB644}.Debug|x86.ActiveCfg = Debug|Any CPU
		{D5CDC09C-F19A-4811-A6C8-70F51CBFB644}.Debug|x86.Build.0 = Debug|Any CPU
		{D5CDC09C-F19A-4811-A6C8-70F51CBFB644}.Release|Any CPU.ActiveCfg = Release|Any CPU
		{D5CDC09C-F19A-4811-A6C8-70F51CBFB644}.Release|Any CPU.Build.0 = Release|Any CPU
		{D5CDC09C-F19A-4811-A6C8-70F51CBFB644}.Release|net_4_x.ActiveCfg = Release|Any CPU
		{D5CDC09C-F19A-4811-A6C8-70F51CBFB644}.Release|net_4_x.Build.0 = Release|Any CPU
		{D5CDC09C-F19A-4811-A6C8-70F51CBFB644}.Release|x64.ActiveCfg = Release|x64
		{D5CDC09C-F19A-4811-A6C8-70F51CBFB644}.Release|x64.Build.0 = Release|x64
		{D5CDC09C-F19A-4811-A6C8-70F51CBFB644}.Release|x86.ActiveCfg = Release|Any CPU
		{D5CDC09C-F19A-4811-A6C8-70F51CBFB644}.Release|x86.Build.0 = Release|Any CPU
		{3ED36717-A9D1-4289-8949-9B7F39766DEB}.Debug|Any CPU.ActiveCfg = Debug|Any CPU
		{3ED36717-A9D1-4289-8949-9B7F39766DEB}.Debug|Any CPU.Build.0 = Debug|Any CPU
		{3ED36717-A9D1-4289-8949-9B7F39766DEB}.Debug|net_4_x.ActiveCfg = Debug|Any CPU
		{3ED36717-A9D1-4289-8949-9B7F39766DEB}.Debug|net_4_x.Build.0 = Debug|Any CPU
		{3ED36717-A9D1-4289-8949-9B7F39766DEB}.Debug|x64.ActiveCfg = Debug|x64
		{3ED36717-A9D1-4289-8949-9B7F39766DEB}.Debug|x64.Build.0 = Debug|x64
		{3ED36717-A9D1-4289-8949-9B7F39766DEB}.Debug|x86.ActiveCfg = Debug|Any CPU
		{3ED36717-A9D1-4289-8949-9B7F39766DEB}.Debug|x86.Build.0 = Debug|Any CPU
		{3ED36717-A9D1-4289-8949-9B7F39766DEB}.Release|Any CPU.ActiveCfg = Release|Any CPU
		{3ED36717-A9D1-4289-8949-9B7F39766DEB}.Release|Any CPU.Build.0 = Release|Any CPU
		{3ED36717-A9D1-4289-8949-9B7F39766DEB}.Release|net_4_x.ActiveCfg = Release|Any CPU
		{3ED36717-A9D1-4289-8949-9B7F39766DEB}.Release|net_4_x.Build.0 = Release|Any CPU
		{3ED36717-A9D1-4289-8949-9B7F39766DEB}.Release|x64.ActiveCfg = Release|x64
		{3ED36717-A9D1-4289-8949-9B7F39766DEB}.Release|x64.Build.0 = Release|x64
		{3ED36717-A9D1-4289-8949-9B7F39766DEB}.Release|x86.ActiveCfg = Release|Any CPU
		{3ED36717-A9D1-4289-8949-9B7F39766DEB}.Release|x86.Build.0 = Release|Any CPU
		{66DBB049-785B-4C2E-9EF6-C9E163F7DDD1}.Debug|Any CPU.ActiveCfg = Debug|Any CPU
		{66DBB049-785B-4C2E-9EF6-C9E163F7DDD1}.Debug|Any CPU.Build.0 = Debug|Any CPU
		{66DBB049-785B-4C2E-9EF6-C9E163F7DDD1}.Debug|net_4_x.ActiveCfg = Debug|Any CPU
		{66DBB049-785B-4C2E-9EF6-C9E163F7DDD1}.Debug|net_4_x.Build.0 = Debug|Any CPU
		{66DBB049-785B-4C2E-9EF6-C9E163F7DDD1}.Debug|x64.ActiveCfg = Debug|x64
		{66DBB049-785B-4C2E-9EF6-C9E163F7DDD1}.Debug|x64.Build.0 = Debug|x64
		{66DBB049-785B-4C2E-9EF6-C9E163F7DDD1}.Debug|x86.ActiveCfg = Debug|Any CPU
		{66DBB049-785B-4C2E-9EF6-C9E163F7DDD1}.Debug|x86.Build.0 = Debug|Any CPU
		{66DBB049-785B-4C2E-9EF6-C9E163F7DDD1}.Release|Any CPU.ActiveCfg = Release|Any CPU
		{66DBB049-785B-4C2E-9EF6-C9E163F7DDD1}.Release|Any CPU.Build.0 = Release|Any CPU
		{66DBB049-785B-4C2E-9EF6-C9E163F7DDD1}.Release|net_4_x.ActiveCfg = Release|Any CPU
		{66DBB049-785B-4C2E-9EF6-C9E163F7DDD1}.Release|net_4_x.Build.0 = Release|Any CPU
		{66DBB049-785B-4C2E-9EF6-C9E163F7DDD1}.Release|x64.ActiveCfg = Release|x64
		{66DBB049-785B-4C2E-9EF6-C9E163F7DDD1}.Release|x64.Build.0 = Release|x64
		{66DBB049-785B-4C2E-9EF6-C9E163F7DDD1}.Release|x86.ActiveCfg = Release|Any CPU
		{66DBB049-785B-4C2E-9EF6-C9E163F7DDD1}.Release|x86.Build.0 = Release|Any CPU
		{359142A1-D80F-401E-AA64-7167C9317649}.Debug|Any CPU.ActiveCfg = Debug|Any CPU
		{359142A1-D80F-401E-AA64-7167C9317649}.Debug|Any CPU.Build.0 = Debug|Any CPU
		{359142A1-D80F-401E-AA64-7167C9317649}.Debug|net_4_x.ActiveCfg = Debug|Any CPU
		{359142A1-D80F-401E-AA64-7167C9317649}.Debug|net_4_x.Build.0 = Debug|Any CPU
		{359142A1-D80F-401E-AA64-7167C9317649}.Debug|x64.ActiveCfg = Debug|x64
		{359142A1-D80F-401E-AA64-7167C9317649}.Debug|x64.Build.0 = Debug|x64
		{359142A1-D80F-401E-AA64-7167C9317649}.Debug|x86.ActiveCfg = Debug|Any CPU
		{359142A1-D80F-401E-AA64-7167C9317649}.Debug|x86.Build.0 = Debug|Any CPU
		{359142A1-D80F-401E-AA64-7167C9317649}.Release|Any CPU.ActiveCfg = Release|Any CPU
		{359142A1-D80F-401E-AA64-7167C9317649}.Release|Any CPU.Build.0 = Release|Any CPU
		{359142A1-D80F-401E-AA64-7167C9317649}.Release|net_4_x.ActiveCfg = Release|Any CPU
		{359142A1-D80F-401E-AA64-7167C9317649}.Release|net_4_x.Build.0 = Release|Any CPU
		{359142A1-D80F-401E-AA64-7167C9317649}.Release|x64.ActiveCfg = Release|x64
		{359142A1-D80F-401E-AA64-7167C9317649}.Release|x64.Build.0 = Release|x64
		{359142A1-D80F-401E-AA64-7167C9317649}.Release|x86.ActiveCfg = Release|Any CPU
		{359142A1-D80F-401E-AA64-7167C9317649}.Release|x86.Build.0 = Release|Any CPU
		{647DC12E-A4EE-424A-9EC7-CE6643EE2EF7}.Debug|Any CPU.ActiveCfg = Debug|Any CPU
		{647DC12E-A4EE-424A-9EC7-CE6643EE2EF7}.Debug|Any CPU.Build.0 = Debug|Any CPU
		{647DC12E-A4EE-424A-9EC7-CE6643EE2EF7}.Debug|net_4_x.ActiveCfg = Debug|Any CPU
		{647DC12E-A4EE-424A-9EC7-CE6643EE2EF7}.Debug|net_4_x.Build.0 = Debug|Any CPU
		{647DC12E-A4EE-424A-9EC7-CE6643EE2EF7}.Debug|x64.ActiveCfg = Debug|x64
		{647DC12E-A4EE-424A-9EC7-CE6643EE2EF7}.Debug|x64.Build.0 = Debug|x64
		{647DC12E-A4EE-424A-9EC7-CE6643EE2EF7}.Debug|x86.ActiveCfg = Debug|Any CPU
		{647DC12E-A4EE-424A-9EC7-CE6643EE2EF7}.Debug|x86.Build.0 = Debug|Any CPU
		{647DC12E-A4EE-424A-9EC7-CE6643EE2EF7}.Release|Any CPU.ActiveCfg = Release|Any CPU
		{647DC12E-A4EE-424A-9EC7-CE6643EE2EF7}.Release|Any CPU.Build.0 = Release|Any CPU
		{647DC12E-A4EE-424A-9EC7-CE6643EE2EF7}.Release|net_4_x.ActiveCfg = Release|Any CPU
		{647DC12E-A4EE-424A-9EC7-CE6643EE2EF7}.Release|net_4_x.Build.0 = Release|Any CPU
		{647DC12E-A4EE-424A-9EC7-CE6643EE2EF7}.Release|x64.ActiveCfg = Release|x64
		{647DC12E-A4EE-424A-9EC7-CE6643EE2EF7}.Release|x64.Build.0 = Release|x64
		{647DC12E-A4EE-424A-9EC7-CE6643EE2EF7}.Release|x86.ActiveCfg = Release|Any CPU
		{647DC12E-A4EE-424A-9EC7-CE6643EE2EF7}.Release|x86.Build.0 = Release|Any CPU
		{3821C69F-220D-4231-992C-0FE05311A005}.Debug|Any CPU.ActiveCfg = Debug|Any CPU
		{3821C69F-220D-4231-992C-0FE05311A005}.Debug|Any CPU.Build.0 = Debug|Any CPU
		{3821C69F-220D-4231-992C-0FE05311A005}.Debug|net_4_x.ActiveCfg = Debug|Any CPU
		{3821C69F-220D-4231-992C-0FE05311A005}.Debug|net_4_x.Build.0 = Debug|Any CPU
		{3821C69F-220D-4231-992C-0FE05311A005}.Debug|x64.ActiveCfg = Debug|x64
		{3821C69F-220D-4231-992C-0FE05311A005}.Debug|x64.Build.0 = Debug|x64
		{3821C69F-220D-4231-992C-0FE05311A005}.Debug|x86.ActiveCfg = Debug|Any CPU
		{3821C69F-220D-4231-992C-0FE05311A005}.Debug|x86.Build.0 = Debug|Any CPU
		{3821C69F-220D-4231-992C-0FE05311A005}.Release|Any CPU.ActiveCfg = Release|Any CPU
		{3821C69F-220D-4231-992C-0FE05311A005}.Release|Any CPU.Build.0 = Release|Any CPU
		{3821C69F-220D-4231-992C-0FE05311A005}.Release|net_4_x.ActiveCfg = Release|Any CPU
		{3821C69F-220D-4231-992C-0FE05311A005}.Release|net_4_x.Build.0 = Release|Any CPU
		{3821C69F-220D-4231-992C-0FE05311A005}.Release|x64.ActiveCfg = Release|x64
		{3821C69F-220D-4231-992C-0FE05311A005}.Release|x64.Build.0 = Release|x64
		{3821C69F-220D-4231-992C-0FE05311A005}.Release|x86.ActiveCfg = Release|Any CPU
		{3821C69F-220D-4231-992C-0FE05311A005}.Release|x86.Build.0 = Release|Any CPU
		{39F59AE4-1381-4275-B14E-16D786F40B93}.Debug|Any CPU.ActiveCfg = Debug|Any CPU
		{39F59AE4-1381-4275-B14E-16D786F40B93}.Debug|Any CPU.Build.0 = Debug|Any CPU
		{39F59AE4-1381-4275-B14E-16D786F40B93}.Debug|net_4_x.ActiveCfg = Debug|Any CPU
		{39F59AE4-1381-4275-B14E-16D786F40B93}.Debug|net_4_x.Build.0 = Debug|Any CPU
		{39F59AE4-1381-4275-B14E-16D786F40B93}.Debug|x64.ActiveCfg = Debug|x64
		{39F59AE4-1381-4275-B14E-16D786F40B93}.Debug|x64.Build.0 = Debug|x64
		{39F59AE4-1381-4275-B14E-16D786F40B93}.Debug|x86.ActiveCfg = Debug|Any CPU
		{39F59AE4-1381-4275-B14E-16D786F40B93}.Debug|x86.Build.0 = Debug|Any CPU
		{39F59AE4-1381-4275-B14E-16D786F40B93}.Release|Any CPU.ActiveCfg = Release|Any CPU
		{39F59AE4-1381-4275-B14E-16D786F40B93}.Release|Any CPU.Build.0 = Release|Any CPU
		{39F59AE4-1381-4275-B14E-16D786F40B93}.Release|net_4_x.ActiveCfg = Release|Any CPU
		{39F59AE4-1381-4275-B14E-16D786F40B93}.Release|net_4_x.Build.0 = Release|Any CPU
		{39F59AE4-1381-4275-B14E-16D786F40B93}.Release|x64.ActiveCfg = Release|x64
		{39F59AE4-1381-4275-B14E-16D786F40B93}.Release|x64.Build.0 = Release|x64
		{39F59AE4-1381-4275-B14E-16D786F40B93}.Release|x86.ActiveCfg = Release|Any CPU
		{39F59AE4-1381-4275-B14E-16D786F40B93}.Release|x86.Build.0 = Release|Any CPU
		{EC439BB8-FFED-4A32-A05D-2FA3A70CAD64}.Debug|Any CPU.ActiveCfg = Debug|Any CPU
		{EC439BB8-FFED-4A32-A05D-2FA3A70CAD64}.Debug|Any CPU.Build.0 = Debug|Any CPU
		{EC439BB8-FFED-4A32-A05D-2FA3A70CAD64}.Debug|net_4_x.ActiveCfg = Debug|Any CPU
		{EC439BB8-FFED-4A32-A05D-2FA3A70CAD64}.Debug|net_4_x.Build.0 = Debug|Any CPU
		{EC439BB8-FFED-4A32-A05D-2FA3A70CAD64}.Debug|x64.ActiveCfg = Debug|x64
		{EC439BB8-FFED-4A32-A05D-2FA3A70CAD64}.Debug|x64.Build.0 = Debug|x64
		{EC439BB8-FFED-4A32-A05D-2FA3A70CAD64}.Debug|x86.ActiveCfg = Debug|Any CPU
		{EC439BB8-FFED-4A32-A05D-2FA3A70CAD64}.Debug|x86.Build.0 = Debug|Any CPU
		{EC439BB8-FFED-4A32-A05D-2FA3A70CAD64}.Release|Any CPU.ActiveCfg = Release|Any CPU
		{EC439BB8-FFED-4A32-A05D-2FA3A70CAD64}.Release|Any CPU.Build.0 = Release|Any CPU
		{EC439BB8-FFED-4A32-A05D-2FA3A70CAD64}.Release|net_4_x.ActiveCfg = Release|Any CPU
		{EC439BB8-FFED-4A32-A05D-2FA3A70CAD64}.Release|net_4_x.Build.0 = Release|Any CPU
		{EC439BB8-FFED-4A32-A05D-2FA3A70CAD64}.Release|x64.ActiveCfg = Release|x64
		{EC439BB8-FFED-4A32-A05D-2FA3A70CAD64}.Release|x64.Build.0 = Release|x64
		{EC439BB8-FFED-4A32-A05D-2FA3A70CAD64}.Release|x86.ActiveCfg = Release|Any CPU
		{EC439BB8-FFED-4A32-A05D-2FA3A70CAD64}.Release|x86.Build.0 = Release|Any CPU
		{8F86C287-38A5-49F8-BE6D-1E0E3D74AF39}.Debug|Any CPU.ActiveCfg = Debug|Any CPU
		{8F86C287-38A5-49F8-BE6D-1E0E3D74AF39}.Debug|Any CPU.Build.0 = Debug|Any CPU
		{8F86C287-38A5-49F8-BE6D-1E0E3D74AF39}.Debug|net_4_x.ActiveCfg = Debug|Any CPU
		{8F86C287-38A5-49F8-BE6D-1E0E3D74AF39}.Debug|net_4_x.Build.0 = Debug|Any CPU
		{8F86C287-38A5-49F8-BE6D-1E0E3D74AF39}.Debug|x64.ActiveCfg = Debug|x64
		{8F86C287-38A5-49F8-BE6D-1E0E3D74AF39}.Debug|x64.Build.0 = Debug|x64
		{8F86C287-38A5-49F8-BE6D-1E0E3D74AF39}.Debug|x86.ActiveCfg = Debug|Any CPU
		{8F86C287-38A5-49F8-BE6D-1E0E3D74AF39}.Debug|x86.Build.0 = Debug|Any CPU
		{8F86C287-38A5-49F8-BE6D-1E0E3D74AF39}.Release|Any CPU.ActiveCfg = Release|Any CPU
		{8F86C287-38A5-49F8-BE6D-1E0E3D74AF39}.Release|Any CPU.Build.0 = Release|Any CPU
		{8F86C287-38A5-49F8-BE6D-1E0E3D74AF39}.Release|net_4_x.ActiveCfg = Release|Any CPU
		{8F86C287-38A5-49F8-BE6D-1E0E3D74AF39}.Release|net_4_x.Build.0 = Release|Any CPU
		{8F86C287-38A5-49F8-BE6D-1E0E3D74AF39}.Release|x64.ActiveCfg = Release|x64
		{8F86C287-38A5-49F8-BE6D-1E0E3D74AF39}.Release|x64.Build.0 = Release|x64
		{8F86C287-38A5-49F8-BE6D-1E0E3D74AF39}.Release|x86.ActiveCfg = Release|Any CPU
		{8F86C287-38A5-49F8-BE6D-1E0E3D74AF39}.Release|x86.Build.0 = Release|Any CPU
		{A157AD69-59D4-49DE-94B3-DB883B2BEAA5}.Debug|Any CPU.ActiveCfg = Debug|Any CPU
		{A157AD69-59D4-49DE-94B3-DB883B2BEAA5}.Debug|Any CPU.Build.0 = Debug|Any CPU
		{A157AD69-59D4-49DE-94B3-DB883B2BEAA5}.Debug|net_4_x.ActiveCfg = Debug|Any CPU
		{A157AD69-59D4-49DE-94B3-DB883B2BEAA5}.Debug|net_4_x.Build.0 = Debug|Any CPU
		{A157AD69-59D4-49DE-94B3-DB883B2BEAA5}.Debug|x64.ActiveCfg = Debug|x64
		{A157AD69-59D4-49DE-94B3-DB883B2BEAA5}.Debug|x64.Build.0 = Debug|x64
		{A157AD69-59D4-49DE-94B3-DB883B2BEAA5}.Debug|x86.ActiveCfg = Debug|Any CPU
		{A157AD69-59D4-49DE-94B3-DB883B2BEAA5}.Debug|x86.Build.0 = Debug|Any CPU
		{A157AD69-59D4-49DE-94B3-DB883B2BEAA5}.Release|Any CPU.ActiveCfg = Release|Any CPU
		{A157AD69-59D4-49DE-94B3-DB883B2BEAA5}.Release|Any CPU.Build.0 = Release|Any CPU
		{A157AD69-59D4-49DE-94B3-DB883B2BEAA5}.Release|net_4_x.ActiveCfg = Release|Any CPU
		{A157AD69-59D4-49DE-94B3-DB883B2BEAA5}.Release|net_4_x.Build.0 = Release|Any CPU
		{A157AD69-59D4-49DE-94B3-DB883B2BEAA5}.Release|x64.ActiveCfg = Release|x64
		{A157AD69-59D4-49DE-94B3-DB883B2BEAA5}.Release|x64.Build.0 = Release|x64
		{A157AD69-59D4-49DE-94B3-DB883B2BEAA5}.Release|x86.ActiveCfg = Release|Any CPU
		{A157AD69-59D4-49DE-94B3-DB883B2BEAA5}.Release|x86.Build.0 = Release|Any CPU
		{371560EA-7BD3-4025-90CB-F1B112403CF2}.Debug|Any CPU.ActiveCfg = Debug|Any CPU
		{371560EA-7BD3-4025-90CB-F1B112403CF2}.Debug|Any CPU.Build.0 = Debug|Any CPU
		{371560EA-7BD3-4025-90CB-F1B112403CF2}.Debug|net_4_x.ActiveCfg = Debug|Any CPU
		{371560EA-7BD3-4025-90CB-F1B112403CF2}.Debug|net_4_x.Build.0 = Debug|Any CPU
		{371560EA-7BD3-4025-90CB-F1B112403CF2}.Debug|x64.ActiveCfg = Debug|x64
		{371560EA-7BD3-4025-90CB-F1B112403CF2}.Debug|x64.Build.0 = Debug|x64
		{371560EA-7BD3-4025-90CB-F1B112403CF2}.Debug|x86.ActiveCfg = Debug|Any CPU
		{371560EA-7BD3-4025-90CB-F1B112403CF2}.Debug|x86.Build.0 = Debug|Any CPU
		{371560EA-7BD3-4025-90CB-F1B112403CF2}.Release|Any CPU.ActiveCfg = Release|Any CPU
		{371560EA-7BD3-4025-90CB-F1B112403CF2}.Release|Any CPU.Build.0 = Release|Any CPU
		{371560EA-7BD3-4025-90CB-F1B112403CF2}.Release|net_4_x.ActiveCfg = Release|Any CPU
		{371560EA-7BD3-4025-90CB-F1B112403CF2}.Release|net_4_x.Build.0 = Release|Any CPU
		{371560EA-7BD3-4025-90CB-F1B112403CF2}.Release|x64.ActiveCfg = Release|x64
		{371560EA-7BD3-4025-90CB-F1B112403CF2}.Release|x64.Build.0 = Release|x64
		{371560EA-7BD3-4025-90CB-F1B112403CF2}.Release|x86.ActiveCfg = Release|Any CPU
		{371560EA-7BD3-4025-90CB-F1B112403CF2}.Release|x86.Build.0 = Release|Any CPU
		{928432BE-3518-4103-97F6-48B9658588A6}.Debug|Any CPU.ActiveCfg = Debug|Any CPU
		{928432BE-3518-4103-97F6-48B9658588A6}.Debug|Any CPU.Build.0 = Debug|Any CPU
		{928432BE-3518-4103-97F6-48B9658588A6}.Debug|net_4_x.ActiveCfg = Debug|Any CPU
		{928432BE-3518-4103-97F6-48B9658588A6}.Debug|net_4_x.Build.0 = Debug|Any CPU
		{928432BE-3518-4103-97F6-48B9658588A6}.Debug|x64.ActiveCfg = Debug|x64
		{928432BE-3518-4103-97F6-48B9658588A6}.Debug|x64.Build.0 = Debug|x64
		{928432BE-3518-4103-97F6-48B9658588A6}.Debug|x86.ActiveCfg = Debug|Any CPU
		{928432BE-3518-4103-97F6-48B9658588A6}.Debug|x86.Build.0 = Debug|Any CPU
		{928432BE-3518-4103-97F6-48B9658588A6}.Release|Any CPU.ActiveCfg = Release|Any CPU
		{928432BE-3518-4103-97F6-48B9658588A6}.Release|Any CPU.Build.0 = Release|Any CPU
		{928432BE-3518-4103-97F6-48B9658588A6}.Release|net_4_x.ActiveCfg = Release|Any CPU
		{928432BE-3518-4103-97F6-48B9658588A6}.Release|net_4_x.Build.0 = Release|Any CPU
		{928432BE-3518-4103-97F6-48B9658588A6}.Release|x64.ActiveCfg = Release|x64
		{928432BE-3518-4103-97F6-48B9658588A6}.Release|x64.Build.0 = Release|x64
		{928432BE-3518-4103-97F6-48B9658588A6}.Release|x86.ActiveCfg = Release|Any CPU
		{928432BE-3518-4103-97F6-48B9658588A6}.Release|x86.Build.0 = Release|Any CPU
		{9DB806CB-B828-49B7-BAE2-2E52402CB4DC}.Debug|Any CPU.ActiveCfg = Debug|Any CPU
		{9DB806CB-B828-49B7-BAE2-2E52402CB4DC}.Debug|Any CPU.Build.0 = Debug|Any CPU
		{9DB806CB-B828-49B7-BAE2-2E52402CB4DC}.Debug|net_4_x.ActiveCfg = Debug|Any CPU
		{9DB806CB-B828-49B7-BAE2-2E52402CB4DC}.Debug|net_4_x.Build.0 = Debug|Any CPU
		{9DB806CB-B828-49B7-BAE2-2E52402CB4DC}.Debug|x64.ActiveCfg = Debug|x64
		{9DB806CB-B828-49B7-BAE2-2E52402CB4DC}.Debug|x64.Build.0 = Debug|x64
		{9DB806CB-B828-49B7-BAE2-2E52402CB4DC}.Debug|x86.ActiveCfg = Debug|Any CPU
		{9DB806CB-B828-49B7-BAE2-2E52402CB4DC}.Debug|x86.Build.0 = Debug|Any CPU
		{9DB806CB-B828-49B7-BAE2-2E52402CB4DC}.Release|Any CPU.ActiveCfg = Debug|Any CPU
		{9DB806CB-B828-49B7-BAE2-2E52402CB4DC}.Release|Any CPU.Build.0 = Debug|Any CPU
		{9DB806CB-B828-49B7-BAE2-2E52402CB4DC}.Release|net_4_x.ActiveCfg = Debug|Any CPU
		{9DB806CB-B828-49B7-BAE2-2E52402CB4DC}.Release|net_4_x.Build.0 = Debug|Any CPU
		{9DB806CB-B828-49B7-BAE2-2E52402CB4DC}.Release|x64.ActiveCfg = Debug|x64
		{9DB806CB-B828-49B7-BAE2-2E52402CB4DC}.Release|x64.Build.0 = Debug|x64
		{9DB806CB-B828-49B7-BAE2-2E52402CB4DC}.Release|x86.ActiveCfg = Debug|Any CPU
		{9DB806CB-B828-49B7-BAE2-2E52402CB4DC}.Release|x86.Build.0 = Debug|Any CPU
		{DE51B021-D51C-4F26-99EE-B0729D97631E}.Debug|Any CPU.ActiveCfg = Debug|Any CPU
		{DE51B021-D51C-4F26-99EE-B0729D97631E}.Debug|Any CPU.Build.0 = Debug|Any CPU
		{DE51B021-D51C-4F26-99EE-B0729D97631E}.Debug|net_4_x.ActiveCfg = Debug|Any CPU
		{DE51B021-D51C-4F26-99EE-B0729D97631E}.Debug|x64.ActiveCfg = Debug|x64
		{DE51B021-D51C-4F26-99EE-B0729D97631E}.Debug|x64.Build.0 = Debug|x64
		{DE51B021-D51C-4F26-99EE-B0729D97631E}.Debug|x86.ActiveCfg = Debug|Any CPU
		{DE51B021-D51C-4F26-99EE-B0729D97631E}.Debug|x86.Build.0 = Debug|Any CPU
		{DE51B021-D51C-4F26-99EE-B0729D97631E}.Release|Any CPU.ActiveCfg = Debug|Any CPU
		{DE51B021-D51C-4F26-99EE-B0729D97631E}.Release|Any CPU.Build.0 = Debug|Any CPU
		{DE51B021-D51C-4F26-99EE-B0729D97631E}.Release|net_4_x.ActiveCfg = Debug|Any CPU
		{DE51B021-D51C-4F26-99EE-B0729D97631E}.Release|x64.ActiveCfg = Debug|x64
		{DE51B021-D51C-4F26-99EE-B0729D97631E}.Release|x64.Build.0 = Debug|x64
		{DE51B021-D51C-4F26-99EE-B0729D97631E}.Release|x86.ActiveCfg = Debug|Any CPU
		{DE51B021-D51C-4F26-99EE-B0729D97631E}.Release|x86.Build.0 = Debug|Any CPU
		{F19F77AE-1A81-4676-BAB8-6C1DA243A961}.Debug|Any CPU.ActiveCfg = Debug|Any CPU
		{F19F77AE-1A81-4676-BAB8-6C1DA243A961}.Debug|Any CPU.Build.0 = Debug|Any CPU
		{F19F77AE-1A81-4676-BAB8-6C1DA243A961}.Debug|net_4_x.ActiveCfg = Debug|Any CPU
		{F19F77AE-1A81-4676-BAB8-6C1DA243A961}.Debug|net_4_x.Build.0 = Debug|Any CPU
		{F19F77AE-1A81-4676-BAB8-6C1DA243A961}.Debug|x64.ActiveCfg = Debug|x64
		{F19F77AE-1A81-4676-BAB8-6C1DA243A961}.Debug|x64.Build.0 = Debug|x64
		{F19F77AE-1A81-4676-BAB8-6C1DA243A961}.Debug|x86.ActiveCfg = Debug|Any CPU
		{F19F77AE-1A81-4676-BAB8-6C1DA243A961}.Debug|x86.Build.0 = Debug|Any CPU
		{F19F77AE-1A81-4676-BAB8-6C1DA243A961}.Release|Any CPU.ActiveCfg = Release|Any CPU
		{F19F77AE-1A81-4676-BAB8-6C1DA243A961}.Release|Any CPU.Build.0 = Release|Any CPU
		{F19F77AE-1A81-4676-BAB8-6C1DA243A961}.Release|net_4_x.ActiveCfg = Release|Any CPU
		{F19F77AE-1A81-4676-BAB8-6C1DA243A961}.Release|net_4_x.Build.0 = Release|Any CPU
		{F19F77AE-1A81-4676-BAB8-6C1DA243A961}.Release|x64.ActiveCfg = Release|x64
		{F19F77AE-1A81-4676-BAB8-6C1DA243A961}.Release|x64.Build.0 = Release|x64
		{F19F77AE-1A81-4676-BAB8-6C1DA243A961}.Release|x86.ActiveCfg = Release|Any CPU
		{F19F77AE-1A81-4676-BAB8-6C1DA243A961}.Release|x86.Build.0 = Release|Any CPU
		{B144ACD4-089D-4769-8605-583FBEDB5B7C}.Debug|Any CPU.ActiveCfg = Debug|Any CPU
		{B144ACD4-089D-4769-8605-583FBEDB5B7C}.Debug|Any CPU.Build.0 = Debug|Any CPU
		{B144ACD4-089D-4769-8605-583FBEDB5B7C}.Debug|net_4_x.ActiveCfg = Debug|Any CPU
		{B144ACD4-089D-4769-8605-583FBEDB5B7C}.Debug|net_4_x.Build.0 = Debug|Any CPU
		{B144ACD4-089D-4769-8605-583FBEDB5B7C}.Debug|x64.ActiveCfg = Debug|x64
		{B144ACD4-089D-4769-8605-583FBEDB5B7C}.Debug|x64.Build.0 = Debug|x64
		{B144ACD4-089D-4769-8605-583FBEDB5B7C}.Debug|x86.ActiveCfg = Debug|Any CPU
		{B144ACD4-089D-4769-8605-583FBEDB5B7C}.Debug|x86.Build.0 = Debug|Any CPU
		{B144ACD4-089D-4769-8605-583FBEDB5B7C}.Release|Any CPU.ActiveCfg = Release|Any CPU
		{B144ACD4-089D-4769-8605-583FBEDB5B7C}.Release|Any CPU.Build.0 = Release|Any CPU
		{B144ACD4-089D-4769-8605-583FBEDB5B7C}.Release|net_4_x.ActiveCfg = Release|Any CPU
		{B144ACD4-089D-4769-8605-583FBEDB5B7C}.Release|net_4_x.Build.0 = Release|Any CPU
		{B144ACD4-089D-4769-8605-583FBEDB5B7C}.Release|x64.ActiveCfg = Release|x64
		{B144ACD4-089D-4769-8605-583FBEDB5B7C}.Release|x64.Build.0 = Release|x64
		{B144ACD4-089D-4769-8605-583FBEDB5B7C}.Release|x86.ActiveCfg = Release|Any CPU
		{B144ACD4-089D-4769-8605-583FBEDB5B7C}.Release|x86.Build.0 = Release|Any CPU
		{D845AD9D-3CCB-49CB-9543-028678E94938}.Debug|Any CPU.ActiveCfg = Debug|Any CPU
		{D845AD9D-3CCB-49CB-9543-028678E94938}.Debug|Any CPU.Build.0 = Debug|Any CPU
		{D845AD9D-3CCB-49CB-9543-028678E94938}.Debug|net_4_x.ActiveCfg = Debug|Any CPU
		{D845AD9D-3CCB-49CB-9543-028678E94938}.Debug|net_4_x.Build.0 = Debug|Any CPU
		{D845AD9D-3CCB-49CB-9543-028678E94938}.Debug|x64.ActiveCfg = Debug|x64
		{D845AD9D-3CCB-49CB-9543-028678E94938}.Debug|x64.Build.0 = Debug|x64
		{D845AD9D-3CCB-49CB-9543-028678E94938}.Debug|x86.ActiveCfg = Debug|Any CPU
		{D845AD9D-3CCB-49CB-9543-028678E94938}.Debug|x86.Build.0 = Debug|Any CPU
		{D845AD9D-3CCB-49CB-9543-028678E94938}.Release|Any CPU.ActiveCfg = Release|Any CPU
		{D845AD9D-3CCB-49CB-9543-028678E94938}.Release|Any CPU.Build.0 = Release|Any CPU
		{D845AD9D-3CCB-49CB-9543-028678E94938}.Release|net_4_x.ActiveCfg = Release|Any CPU
		{D845AD9D-3CCB-49CB-9543-028678E94938}.Release|net_4_x.Build.0 = Release|Any CPU
		{D845AD9D-3CCB-49CB-9543-028678E94938}.Release|x64.ActiveCfg = Release|x64
		{D845AD9D-3CCB-49CB-9543-028678E94938}.Release|x64.Build.0 = Release|x64
		{D845AD9D-3CCB-49CB-9543-028678E94938}.Release|x86.ActiveCfg = Release|Any CPU
		{D845AD9D-3CCB-49CB-9543-028678E94938}.Release|x86.Build.0 = Release|Any CPU
		{526286D5-38D9-4579-B001-471440D57752}.Debug|Any CPU.ActiveCfg = Debug|Any CPU
		{526286D5-38D9-4579-B001-471440D57752}.Debug|Any CPU.Build.0 = Debug|Any CPU
		{526286D5-38D9-4579-B001-471440D57752}.Debug|net_4_x.ActiveCfg = Debug|Any CPU
		{526286D5-38D9-4579-B001-471440D57752}.Debug|net_4_x.Build.0 = Debug|Any CPU
		{526286D5-38D9-4579-B001-471440D57752}.Debug|x64.ActiveCfg = Debug|x64
		{526286D5-38D9-4579-B001-471440D57752}.Debug|x64.Build.0 = Debug|x64
		{526286D5-38D9-4579-B001-471440D57752}.Debug|x86.ActiveCfg = Debug|Any CPU
		{526286D5-38D9-4579-B001-471440D57752}.Debug|x86.Build.0 = Debug|Any CPU
		{526286D5-38D9-4579-B001-471440D57752}.Release|Any CPU.ActiveCfg = Release|Any CPU
		{526286D5-38D9-4579-B001-471440D57752}.Release|Any CPU.Build.0 = Release|Any CPU
		{526286D5-38D9-4579-B001-471440D57752}.Release|net_4_x.ActiveCfg = Release|Any CPU
		{526286D5-38D9-4579-B001-471440D57752}.Release|net_4_x.Build.0 = Release|Any CPU
		{526286D5-38D9-4579-B001-471440D57752}.Release|x64.ActiveCfg = Release|x64
		{526286D5-38D9-4579-B001-471440D57752}.Release|x64.Build.0 = Release|x64
		{526286D5-38D9-4579-B001-471440D57752}.Release|x86.ActiveCfg = Release|Any CPU
		{526286D5-38D9-4579-B001-471440D57752}.Release|x86.Build.0 = Release|Any CPU
		{E6EE9E9A-42BA-4202-8813-FCF40E9061BF}.Debug|Any CPU.ActiveCfg = Debug|Any CPU
		{E6EE9E9A-42BA-4202-8813-FCF40E9061BF}.Debug|Any CPU.Build.0 = Debug|Any CPU
		{E6EE9E9A-42BA-4202-8813-FCF40E9061BF}.Debug|net_4_x.ActiveCfg = Debug|Any CPU
		{E6EE9E9A-42BA-4202-8813-FCF40E9061BF}.Debug|net_4_x.Build.0 = Debug|Any CPU
		{E6EE9E9A-42BA-4202-8813-FCF40E9061BF}.Debug|x64.ActiveCfg = Debug|x64
		{E6EE9E9A-42BA-4202-8813-FCF40E9061BF}.Debug|x64.Build.0 = Debug|x64
		{E6EE9E9A-42BA-4202-8813-FCF40E9061BF}.Debug|x86.ActiveCfg = Debug|Any CPU
		{E6EE9E9A-42BA-4202-8813-FCF40E9061BF}.Debug|x86.Build.0 = Debug|Any CPU
		{E6EE9E9A-42BA-4202-8813-FCF40E9061BF}.Release|Any CPU.ActiveCfg = Release|Any CPU
		{E6EE9E9A-42BA-4202-8813-FCF40E9061BF}.Release|Any CPU.Build.0 = Release|Any CPU
		{E6EE9E9A-42BA-4202-8813-FCF40E9061BF}.Release|net_4_x.ActiveCfg = Release|Any CPU
		{E6EE9E9A-42BA-4202-8813-FCF40E9061BF}.Release|net_4_x.Build.0 = Release|Any CPU
		{E6EE9E9A-42BA-4202-8813-FCF40E9061BF}.Release|x64.ActiveCfg = Release|x64
		{E6EE9E9A-42BA-4202-8813-FCF40E9061BF}.Release|x64.Build.0 = Release|x64
		{E6EE9E9A-42BA-4202-8813-FCF40E9061BF}.Release|x86.ActiveCfg = Release|Any CPU
		{E6EE9E9A-42BA-4202-8813-FCF40E9061BF}.Release|x86.Build.0 = Release|Any CPU
		{79D6E70D-8FD8-4EAA-9E81-B32B5C2815FB}.Debug|Any CPU.ActiveCfg = Debug|Any CPU
		{79D6E70D-8FD8-4EAA-9E81-B32B5C2815FB}.Debug|Any CPU.Build.0 = Debug|Any CPU
		{79D6E70D-8FD8-4EAA-9E81-B32B5C2815FB}.Debug|net_4_x.ActiveCfg = Debug|Any CPU
		{79D6E70D-8FD8-4EAA-9E81-B32B5C2815FB}.Debug|net_4_x.Build.0 = Debug|Any CPU
		{79D6E70D-8FD8-4EAA-9E81-B32B5C2815FB}.Debug|x64.ActiveCfg = Debug|x64
		{79D6E70D-8FD8-4EAA-9E81-B32B5C2815FB}.Debug|x64.Build.0 = Debug|x64
		{79D6E70D-8FD8-4EAA-9E81-B32B5C2815FB}.Debug|x86.ActiveCfg = Debug|Any CPU
		{79D6E70D-8FD8-4EAA-9E81-B32B5C2815FB}.Debug|x86.Build.0 = Debug|Any CPU
		{79D6E70D-8FD8-4EAA-9E81-B32B5C2815FB}.Release|Any CPU.ActiveCfg = Release|Any CPU
		{79D6E70D-8FD8-4EAA-9E81-B32B5C2815FB}.Release|Any CPU.Build.0 = Release|Any CPU
		{79D6E70D-8FD8-4EAA-9E81-B32B5C2815FB}.Release|net_4_x.ActiveCfg = Release|Any CPU
		{79D6E70D-8FD8-4EAA-9E81-B32B5C2815FB}.Release|net_4_x.Build.0 = Release|Any CPU
		{79D6E70D-8FD8-4EAA-9E81-B32B5C2815FB}.Release|x64.ActiveCfg = Release|x64
		{79D6E70D-8FD8-4EAA-9E81-B32B5C2815FB}.Release|x64.Build.0 = Release|x64
		{79D6E70D-8FD8-4EAA-9E81-B32B5C2815FB}.Release|x86.ActiveCfg = Release|Any CPU
		{79D6E70D-8FD8-4EAA-9E81-B32B5C2815FB}.Release|x86.Build.0 = Release|Any CPU
		{67822258-3D1E-449F-ACDD-BE1918B44458}.Debug|Any CPU.ActiveCfg = Debug|Any CPU
		{67822258-3D1E-449F-ACDD-BE1918B44458}.Debug|Any CPU.Build.0 = Debug|Any CPU
		{67822258-3D1E-449F-ACDD-BE1918B44458}.Debug|net_4_x.ActiveCfg = Debug|Any CPU
		{67822258-3D1E-449F-ACDD-BE1918B44458}.Debug|net_4_x.Build.0 = Debug|Any CPU
		{67822258-3D1E-449F-ACDD-BE1918B44458}.Debug|x64.ActiveCfg = Debug|x64
		{67822258-3D1E-449F-ACDD-BE1918B44458}.Debug|x64.Build.0 = Debug|x64
		{67822258-3D1E-449F-ACDD-BE1918B44458}.Debug|x86.ActiveCfg = Debug|Any CPU
		{67822258-3D1E-449F-ACDD-BE1918B44458}.Debug|x86.Build.0 = Debug|Any CPU
		{67822258-3D1E-449F-ACDD-BE1918B44458}.Release|Any CPU.ActiveCfg = Release|Any CPU
		{67822258-3D1E-449F-ACDD-BE1918B44458}.Release|Any CPU.Build.0 = Release|Any CPU
		{67822258-3D1E-449F-ACDD-BE1918B44458}.Release|net_4_x.ActiveCfg = Release|Any CPU
		{67822258-3D1E-449F-ACDD-BE1918B44458}.Release|net_4_x.Build.0 = Release|Any CPU
		{67822258-3D1E-449F-ACDD-BE1918B44458}.Release|x64.ActiveCfg = Release|x64
		{67822258-3D1E-449F-ACDD-BE1918B44458}.Release|x64.Build.0 = Release|x64
		{67822258-3D1E-449F-ACDD-BE1918B44458}.Release|x86.ActiveCfg = Release|Any CPU
		{67822258-3D1E-449F-ACDD-BE1918B44458}.Release|x86.Build.0 = Release|Any CPU
		{A455F1BB-6273-4BAE-985C-563BED11D529}.Debug|Any CPU.ActiveCfg = Debug|Any CPU
		{A455F1BB-6273-4BAE-985C-563BED11D529}.Debug|Any CPU.Build.0 = Debug|Any CPU
		{A455F1BB-6273-4BAE-985C-563BED11D529}.Debug|net_4_x.ActiveCfg = Debug|Any CPU
		{A455F1BB-6273-4BAE-985C-563BED11D529}.Debug|net_4_x.Build.0 = Debug|Any CPU
		{A455F1BB-6273-4BAE-985C-563BED11D529}.Debug|x64.ActiveCfg = Debug|x64
		{A455F1BB-6273-4BAE-985C-563BED11D529}.Debug|x64.Build.0 = Debug|x64
		{A455F1BB-6273-4BAE-985C-563BED11D529}.Debug|x86.ActiveCfg = Debug|Any CPU
		{A455F1BB-6273-4BAE-985C-563BED11D529}.Debug|x86.Build.0 = Debug|Any CPU
		{A455F1BB-6273-4BAE-985C-563BED11D529}.Release|Any CPU.ActiveCfg = Release|Any CPU
		{A455F1BB-6273-4BAE-985C-563BED11D529}.Release|Any CPU.Build.0 = Release|Any CPU
		{A455F1BB-6273-4BAE-985C-563BED11D529}.Release|net_4_x.ActiveCfg = Release|Any CPU
		{A455F1BB-6273-4BAE-985C-563BED11D529}.Release|net_4_x.Build.0 = Release|Any CPU
		{A455F1BB-6273-4BAE-985C-563BED11D529}.Release|x64.ActiveCfg = Release|x64
		{A455F1BB-6273-4BAE-985C-563BED11D529}.Release|x64.Build.0 = Release|x64
		{A455F1BB-6273-4BAE-985C-563BED11D529}.Release|x86.ActiveCfg = Release|Any CPU
		{A455F1BB-6273-4BAE-985C-563BED11D529}.Release|x86.Build.0 = Release|Any CPU
		{F1636C0A-FC68-4362-918F-9CCC789FED13}.Debug|Any CPU.ActiveCfg = Debug|Any CPU
		{F1636C0A-FC68-4362-918F-9CCC789FED13}.Debug|Any CPU.Build.0 = Debug|Any CPU
		{F1636C0A-FC68-4362-918F-9CCC789FED13}.Debug|net_4_x.ActiveCfg = Debug|Any CPU
		{F1636C0A-FC68-4362-918F-9CCC789FED13}.Debug|net_4_x.Build.0 = Debug|Any CPU
		{F1636C0A-FC68-4362-918F-9CCC789FED13}.Debug|x64.ActiveCfg = Debug|x64
		{F1636C0A-FC68-4362-918F-9CCC789FED13}.Debug|x64.Build.0 = Debug|x64
		{F1636C0A-FC68-4362-918F-9CCC789FED13}.Debug|x86.ActiveCfg = Debug|Any CPU
		{F1636C0A-FC68-4362-918F-9CCC789FED13}.Debug|x86.Build.0 = Debug|Any CPU
		{F1636C0A-FC68-4362-918F-9CCC789FED13}.Release|Any CPU.ActiveCfg = Release|Any CPU
		{F1636C0A-FC68-4362-918F-9CCC789FED13}.Release|Any CPU.Build.0 = Release|Any CPU
		{F1636C0A-FC68-4362-918F-9CCC789FED13}.Release|net_4_x.ActiveCfg = Release|Any CPU
		{F1636C0A-FC68-4362-918F-9CCC789FED13}.Release|net_4_x.Build.0 = Release|Any CPU
		{F1636C0A-FC68-4362-918F-9CCC789FED13}.Release|x64.ActiveCfg = Release|x64
		{F1636C0A-FC68-4362-918F-9CCC789FED13}.Release|x64.Build.0 = Release|x64
		{F1636C0A-FC68-4362-918F-9CCC789FED13}.Release|x86.ActiveCfg = Release|Any CPU
		{F1636C0A-FC68-4362-918F-9CCC789FED13}.Release|x86.Build.0 = Release|Any CPU
		{A98B5CC3-EAFC-4EFD-ABC6-2F2A65BE98F5}.Debug|Any CPU.ActiveCfg = Debug|Any CPU
		{A98B5CC3-EAFC-4EFD-ABC6-2F2A65BE98F5}.Debug|Any CPU.Build.0 = Debug|Any CPU
		{A98B5CC3-EAFC-4EFD-ABC6-2F2A65BE98F5}.Debug|net_4_x.ActiveCfg = Debug|Any CPU
		{A98B5CC3-EAFC-4EFD-ABC6-2F2A65BE98F5}.Debug|net_4_x.Build.0 = Debug|Any CPU
		{A98B5CC3-EAFC-4EFD-ABC6-2F2A65BE98F5}.Debug|x64.ActiveCfg = Debug|x64
		{A98B5CC3-EAFC-4EFD-ABC6-2F2A65BE98F5}.Debug|x64.Build.0 = Debug|x64
		{A98B5CC3-EAFC-4EFD-ABC6-2F2A65BE98F5}.Debug|x86.ActiveCfg = Debug|Any CPU
		{A98B5CC3-EAFC-4EFD-ABC6-2F2A65BE98F5}.Debug|x86.Build.0 = Debug|Any CPU
		{A98B5CC3-EAFC-4EFD-ABC6-2F2A65BE98F5}.Release|Any CPU.ActiveCfg = Release|Any CPU
		{A98B5CC3-EAFC-4EFD-ABC6-2F2A65BE98F5}.Release|Any CPU.Build.0 = Release|Any CPU
		{A98B5CC3-EAFC-4EFD-ABC6-2F2A65BE98F5}.Release|net_4_x.ActiveCfg = Release|Any CPU
		{A98B5CC3-EAFC-4EFD-ABC6-2F2A65BE98F5}.Release|net_4_x.Build.0 = Release|Any CPU
		{A98B5CC3-EAFC-4EFD-ABC6-2F2A65BE98F5}.Release|x64.ActiveCfg = Release|x64
		{A98B5CC3-EAFC-4EFD-ABC6-2F2A65BE98F5}.Release|x64.Build.0 = Release|x64
		{A98B5CC3-EAFC-4EFD-ABC6-2F2A65BE98F5}.Release|x86.ActiveCfg = Release|Any CPU
		{A98B5CC3-EAFC-4EFD-ABC6-2F2A65BE98F5}.Release|x86.Build.0 = Release|Any CPU
		{5883D056-B748-4D13-A7E3-2D2756CDC6BC}.Debug|Any CPU.ActiveCfg = Debug|Any CPU
		{5883D056-B748-4D13-A7E3-2D2756CDC6BC}.Debug|Any CPU.Build.0 = Debug|Any CPU
		{5883D056-B748-4D13-A7E3-2D2756CDC6BC}.Debug|net_4_x.ActiveCfg = Debug|Any CPU
		{5883D056-B748-4D13-A7E3-2D2756CDC6BC}.Debug|net_4_x.Build.0 = Debug|Any CPU
		{5883D056-B748-4D13-A7E3-2D2756CDC6BC}.Debug|x64.ActiveCfg = Debug|x64
		{5883D056-B748-4D13-A7E3-2D2756CDC6BC}.Debug|x64.Build.0 = Debug|x64
		{5883D056-B748-4D13-A7E3-2D2756CDC6BC}.Debug|x86.ActiveCfg = Debug|Any CPU
		{5883D056-B748-4D13-A7E3-2D2756CDC6BC}.Debug|x86.Build.0 = Debug|Any CPU
		{5883D056-B748-4D13-A7E3-2D2756CDC6BC}.Release|Any CPU.ActiveCfg = Release|Any CPU
		{5883D056-B748-4D13-A7E3-2D2756CDC6BC}.Release|Any CPU.Build.0 = Release|Any CPU
		{5883D056-B748-4D13-A7E3-2D2756CDC6BC}.Release|net_4_x.ActiveCfg = Release|Any CPU
		{5883D056-B748-4D13-A7E3-2D2756CDC6BC}.Release|net_4_x.Build.0 = Release|Any CPU
		{5883D056-B748-4D13-A7E3-2D2756CDC6BC}.Release|x64.ActiveCfg = Release|x64
		{5883D056-B748-4D13-A7E3-2D2756CDC6BC}.Release|x64.Build.0 = Release|x64
		{5883D056-B748-4D13-A7E3-2D2756CDC6BC}.Release|x86.ActiveCfg = Release|Any CPU
		{5883D056-B748-4D13-A7E3-2D2756CDC6BC}.Release|x86.Build.0 = Release|Any CPU
		{1E1BC1A8-EAD2-496C-A6D6-8AFABD741F56}.Debug|Any CPU.ActiveCfg = Debug|Any CPU
		{1E1BC1A8-EAD2-496C-A6D6-8AFABD741F56}.Debug|Any CPU.Build.0 = Debug|Any CPU
		{1E1BC1A8-EAD2-496C-A6D6-8AFABD741F56}.Debug|net_4_x.ActiveCfg = Debug|Any CPU
		{1E1BC1A8-EAD2-496C-A6D6-8AFABD741F56}.Debug|net_4_x.Build.0 = Debug|Any CPU
		{1E1BC1A8-EAD2-496C-A6D6-8AFABD741F56}.Debug|x64.ActiveCfg = Debug|x64
		{1E1BC1A8-EAD2-496C-A6D6-8AFABD741F56}.Debug|x64.Build.0 = Debug|x64
		{1E1BC1A8-EAD2-496C-A6D6-8AFABD741F56}.Debug|x86.ActiveCfg = Debug|Any CPU
		{1E1BC1A8-EAD2-496C-A6D6-8AFABD741F56}.Debug|x86.Build.0 = Debug|Any CPU
		{1E1BC1A8-EAD2-496C-A6D6-8AFABD741F56}.Release|Any CPU.ActiveCfg = Release|Any CPU
		{1E1BC1A8-EAD2-496C-A6D6-8AFABD741F56}.Release|Any CPU.Build.0 = Release|Any CPU
		{1E1BC1A8-EAD2-496C-A6D6-8AFABD741F56}.Release|net_4_x.ActiveCfg = Release|Any CPU
		{1E1BC1A8-EAD2-496C-A6D6-8AFABD741F56}.Release|net_4_x.Build.0 = Release|Any CPU
		{1E1BC1A8-EAD2-496C-A6D6-8AFABD741F56}.Release|x64.ActiveCfg = Release|x64
		{1E1BC1A8-EAD2-496C-A6D6-8AFABD741F56}.Release|x64.Build.0 = Release|x64
		{1E1BC1A8-EAD2-496C-A6D6-8AFABD741F56}.Release|x86.ActiveCfg = Release|Any CPU
		{1E1BC1A8-EAD2-496C-A6D6-8AFABD741F56}.Release|x86.Build.0 = Release|Any CPU
		{994BF3A4-85FD-4FDB-9120-C3A3B44A57CD}.Debug|Any CPU.ActiveCfg = Debug|Any CPU
		{994BF3A4-85FD-4FDB-9120-C3A3B44A57CD}.Debug|Any CPU.Build.0 = Debug|Any CPU
		{994BF3A4-85FD-4FDB-9120-C3A3B44A57CD}.Debug|net_4_x.ActiveCfg = Debug|Any CPU
		{994BF3A4-85FD-4FDB-9120-C3A3B44A57CD}.Debug|net_4_x.Build.0 = Debug|Any CPU
		{994BF3A4-85FD-4FDB-9120-C3A3B44A57CD}.Debug|x64.ActiveCfg = Debug|x64
		{994BF3A4-85FD-4FDB-9120-C3A3B44A57CD}.Debug|x64.Build.0 = Debug|x64
		{994BF3A4-85FD-4FDB-9120-C3A3B44A57CD}.Debug|x86.ActiveCfg = Debug|Any CPU
		{994BF3A4-85FD-4FDB-9120-C3A3B44A57CD}.Debug|x86.Build.0 = Debug|Any CPU
		{994BF3A4-85FD-4FDB-9120-C3A3B44A57CD}.Release|Any CPU.ActiveCfg = Release|Any CPU
		{994BF3A4-85FD-4FDB-9120-C3A3B44A57CD}.Release|Any CPU.Build.0 = Release|Any CPU
		{994BF3A4-85FD-4FDB-9120-C3A3B44A57CD}.Release|net_4_x.ActiveCfg = Release|Any CPU
		{994BF3A4-85FD-4FDB-9120-C3A3B44A57CD}.Release|net_4_x.Build.0 = Release|Any CPU
		{994BF3A4-85FD-4FDB-9120-C3A3B44A57CD}.Release|x64.ActiveCfg = Release|x64
		{994BF3A4-85FD-4FDB-9120-C3A3B44A57CD}.Release|x64.Build.0 = Release|x64
		{994BF3A4-85FD-4FDB-9120-C3A3B44A57CD}.Release|x86.ActiveCfg = Release|Any CPU
		{994BF3A4-85FD-4FDB-9120-C3A3B44A57CD}.Release|x86.Build.0 = Release|Any CPU
		{5428F1E0-B0ED-46D6-B429-27D1A1C175C0}.Debug|Any CPU.ActiveCfg = Debug|Any CPU
		{5428F1E0-B0ED-46D6-B429-27D1A1C175C0}.Debug|Any CPU.Build.0 = Debug|Any CPU
		{5428F1E0-B0ED-46D6-B429-27D1A1C175C0}.Debug|net_4_x.ActiveCfg = Debug|Any CPU
		{5428F1E0-B0ED-46D6-B429-27D1A1C175C0}.Debug|net_4_x.Build.0 = Debug|Any CPU
		{5428F1E0-B0ED-46D6-B429-27D1A1C175C0}.Debug|x64.ActiveCfg = Debug|x64
		{5428F1E0-B0ED-46D6-B429-27D1A1C175C0}.Debug|x64.Build.0 = Debug|x64
		{5428F1E0-B0ED-46D6-B429-27D1A1C175C0}.Debug|x86.ActiveCfg = Debug|Any CPU
		{5428F1E0-B0ED-46D6-B429-27D1A1C175C0}.Debug|x86.Build.0 = Debug|Any CPU
		{5428F1E0-B0ED-46D6-B429-27D1A1C175C0}.Release|Any CPU.ActiveCfg = Release|Any CPU
		{5428F1E0-B0ED-46D6-B429-27D1A1C175C0}.Release|Any CPU.Build.0 = Release|Any CPU
		{5428F1E0-B0ED-46D6-B429-27D1A1C175C0}.Release|net_4_x.ActiveCfg = Release|Any CPU
		{5428F1E0-B0ED-46D6-B429-27D1A1C175C0}.Release|net_4_x.Build.0 = Release|Any CPU
		{5428F1E0-B0ED-46D6-B429-27D1A1C175C0}.Release|x64.ActiveCfg = Release|x64
		{5428F1E0-B0ED-46D6-B429-27D1A1C175C0}.Release|x64.Build.0 = Release|x64
		{5428F1E0-B0ED-46D6-B429-27D1A1C175C0}.Release|x86.ActiveCfg = Release|Any CPU
		{5428F1E0-B0ED-46D6-B429-27D1A1C175C0}.Release|x86.Build.0 = Release|Any CPU
		{2FFB9A8F-DB7B-41FF-9398-15DF81AE1BC8}.Debug|Any CPU.ActiveCfg = Debug|Any CPU
		{2FFB9A8F-DB7B-41FF-9398-15DF81AE1BC8}.Debug|Any CPU.Build.0 = Debug|Any CPU
		{2FFB9A8F-DB7B-41FF-9398-15DF81AE1BC8}.Debug|net_4_x.ActiveCfg = Debug|Any CPU
		{2FFB9A8F-DB7B-41FF-9398-15DF81AE1BC8}.Debug|net_4_x.Build.0 = Debug|Any CPU
		{2FFB9A8F-DB7B-41FF-9398-15DF81AE1BC8}.Debug|x64.ActiveCfg = Debug|x64
		{2FFB9A8F-DB7B-41FF-9398-15DF81AE1BC8}.Debug|x64.Build.0 = Debug|x64
		{2FFB9A8F-DB7B-41FF-9398-15DF81AE1BC8}.Debug|x86.ActiveCfg = Debug|Any CPU
		{2FFB9A8F-DB7B-41FF-9398-15DF81AE1BC8}.Debug|x86.Build.0 = Debug|Any CPU
		{2FFB9A8F-DB7B-41FF-9398-15DF81AE1BC8}.Release|Any CPU.ActiveCfg = Release|Any CPU
		{2FFB9A8F-DB7B-41FF-9398-15DF81AE1BC8}.Release|Any CPU.Build.0 = Release|Any CPU
		{2FFB9A8F-DB7B-41FF-9398-15DF81AE1BC8}.Release|net_4_x.ActiveCfg = Release|Any CPU
		{2FFB9A8F-DB7B-41FF-9398-15DF81AE1BC8}.Release|net_4_x.Build.0 = Release|Any CPU
		{2FFB9A8F-DB7B-41FF-9398-15DF81AE1BC8}.Release|x64.ActiveCfg = Release|x64
		{2FFB9A8F-DB7B-41FF-9398-15DF81AE1BC8}.Release|x64.Build.0 = Release|x64
		{2FFB9A8F-DB7B-41FF-9398-15DF81AE1BC8}.Release|x86.ActiveCfg = Release|Any CPU
		{2FFB9A8F-DB7B-41FF-9398-15DF81AE1BC8}.Release|x86.Build.0 = Release|Any CPU
		{5A287CAF-8FA4-42F7-976D-EE16D76CF2F1}.Debug|Any CPU.ActiveCfg = Debug|Any CPU
		{5A287CAF-8FA4-42F7-976D-EE16D76CF2F1}.Debug|Any CPU.Build.0 = Debug|Any CPU
		{5A287CAF-8FA4-42F7-976D-EE16D76CF2F1}.Debug|net_4_x.ActiveCfg = Debug|Any CPU
		{5A287CAF-8FA4-42F7-976D-EE16D76CF2F1}.Debug|net_4_x.Build.0 = Debug|Any CPU
		{5A287CAF-8FA4-42F7-976D-EE16D76CF2F1}.Debug|x64.ActiveCfg = Debug|x64
		{5A287CAF-8FA4-42F7-976D-EE16D76CF2F1}.Debug|x64.Build.0 = Debug|x64
		{5A287CAF-8FA4-42F7-976D-EE16D76CF2F1}.Debug|x86.ActiveCfg = Debug|Any CPU
		{5A287CAF-8FA4-42F7-976D-EE16D76CF2F1}.Debug|x86.Build.0 = Debug|Any CPU
		{5A287CAF-8FA4-42F7-976D-EE16D76CF2F1}.Release|Any CPU.ActiveCfg = Release|Any CPU
		{5A287CAF-8FA4-42F7-976D-EE16D76CF2F1}.Release|Any CPU.Build.0 = Release|Any CPU
		{5A287CAF-8FA4-42F7-976D-EE16D76CF2F1}.Release|net_4_x.ActiveCfg = Release|Any CPU
		{5A287CAF-8FA4-42F7-976D-EE16D76CF2F1}.Release|net_4_x.Build.0 = Release|Any CPU
		{5A287CAF-8FA4-42F7-976D-EE16D76CF2F1}.Release|x64.ActiveCfg = Release|x64
		{5A287CAF-8FA4-42F7-976D-EE16D76CF2F1}.Release|x64.Build.0 = Release|x64
		{5A287CAF-8FA4-42F7-976D-EE16D76CF2F1}.Release|x86.ActiveCfg = Release|Any CPU
		{5A287CAF-8FA4-42F7-976D-EE16D76CF2F1}.Release|x86.Build.0 = Release|Any CPU
		{A559EE60-2FE6-47DD-B4B8-0097BD242D86}.Debug|Any CPU.ActiveCfg = Debug|Any CPU
		{A559EE60-2FE6-47DD-B4B8-0097BD242D86}.Debug|Any CPU.Build.0 = Debug|Any CPU
		{A559EE60-2FE6-47DD-B4B8-0097BD242D86}.Debug|net_4_x.ActiveCfg = Debug|Any CPU
		{A559EE60-2FE6-47DD-B4B8-0097BD242D86}.Debug|net_4_x.Build.0 = Debug|Any CPU
		{A559EE60-2FE6-47DD-B4B8-0097BD242D86}.Debug|x64.ActiveCfg = Debug|x64
		{A559EE60-2FE6-47DD-B4B8-0097BD242D86}.Debug|x64.Build.0 = Debug|x64
		{A559EE60-2FE6-47DD-B4B8-0097BD242D86}.Debug|x86.ActiveCfg = Debug|Any CPU
		{A559EE60-2FE6-47DD-B4B8-0097BD242D86}.Debug|x86.Build.0 = Debug|Any CPU
		{A559EE60-2FE6-47DD-B4B8-0097BD242D86}.Release|Any CPU.ActiveCfg = Release|Any CPU
		{A559EE60-2FE6-47DD-B4B8-0097BD242D86}.Release|Any CPU.Build.0 = Release|Any CPU
		{A559EE60-2FE6-47DD-B4B8-0097BD242D86}.Release|net_4_x.ActiveCfg = Release|Any CPU
		{A559EE60-2FE6-47DD-B4B8-0097BD242D86}.Release|net_4_x.Build.0 = Release|Any CPU
		{A559EE60-2FE6-47DD-B4B8-0097BD242D86}.Release|x64.ActiveCfg = Release|x64
		{A559EE60-2FE6-47DD-B4B8-0097BD242D86}.Release|x64.Build.0 = Release|x64
		{A559EE60-2FE6-47DD-B4B8-0097BD242D86}.Release|x86.ActiveCfg = Release|Any CPU
		{A559EE60-2FE6-47DD-B4B8-0097BD242D86}.Release|x86.Build.0 = Release|Any CPU
		{64D286EF-32EA-4494-9DD6-36609597A11A}.Debug|Any CPU.ActiveCfg = Debug|Any CPU
		{64D286EF-32EA-4494-9DD6-36609597A11A}.Debug|Any CPU.Build.0 = Debug|Any CPU
		{64D286EF-32EA-4494-9DD6-36609597A11A}.Debug|net_4_x.ActiveCfg = Debug|Any CPU
		{64D286EF-32EA-4494-9DD6-36609597A11A}.Debug|net_4_x.Build.0 = Debug|Any CPU
		{64D286EF-32EA-4494-9DD6-36609597A11A}.Debug|x64.ActiveCfg = Debug|x64
		{64D286EF-32EA-4494-9DD6-36609597A11A}.Debug|x64.Build.0 = Debug|x64
		{64D286EF-32EA-4494-9DD6-36609597A11A}.Debug|x86.ActiveCfg = Debug|Any CPU
		{64D286EF-32EA-4494-9DD6-36609597A11A}.Debug|x86.Build.0 = Debug|Any CPU
		{64D286EF-32EA-4494-9DD6-36609597A11A}.Release|Any CPU.ActiveCfg = Release|Any CPU
		{64D286EF-32EA-4494-9DD6-36609597A11A}.Release|Any CPU.Build.0 = Release|Any CPU
		{64D286EF-32EA-4494-9DD6-36609597A11A}.Release|net_4_x.ActiveCfg = Release|Any CPU
		{64D286EF-32EA-4494-9DD6-36609597A11A}.Release|net_4_x.Build.0 = Release|Any CPU
		{64D286EF-32EA-4494-9DD6-36609597A11A}.Release|x64.ActiveCfg = Release|x64
		{64D286EF-32EA-4494-9DD6-36609597A11A}.Release|x64.Build.0 = Release|x64
		{64D286EF-32EA-4494-9DD6-36609597A11A}.Release|x86.ActiveCfg = Release|Any CPU
		{64D286EF-32EA-4494-9DD6-36609597A11A}.Release|x86.Build.0 = Release|Any CPU
		{70A422C5-17AF-48EE-8DD8-CF88D482606C}.Debug|Any CPU.ActiveCfg = Debug|Any CPU
		{70A422C5-17AF-48EE-8DD8-CF88D482606C}.Debug|Any CPU.Build.0 = Debug|Any CPU
		{70A422C5-17AF-48EE-8DD8-CF88D482606C}.Debug|net_4_x.ActiveCfg = Debug|Any CPU
		{70A422C5-17AF-48EE-8DD8-CF88D482606C}.Debug|net_4_x.Build.0 = Debug|Any CPU
		{70A422C5-17AF-48EE-8DD8-CF88D482606C}.Debug|x64.ActiveCfg = Debug|x64
		{70A422C5-17AF-48EE-8DD8-CF88D482606C}.Debug|x64.Build.0 = Debug|x64
		{70A422C5-17AF-48EE-8DD8-CF88D482606C}.Debug|x86.ActiveCfg = Debug|Any CPU
		{70A422C5-17AF-48EE-8DD8-CF88D482606C}.Debug|x86.Build.0 = Debug|Any CPU
		{70A422C5-17AF-48EE-8DD8-CF88D482606C}.Release|Any CPU.ActiveCfg = Release|Any CPU
		{70A422C5-17AF-48EE-8DD8-CF88D482606C}.Release|Any CPU.Build.0 = Release|Any CPU
		{70A422C5-17AF-48EE-8DD8-CF88D482606C}.Release|net_4_x.ActiveCfg = Release|Any CPU
		{70A422C5-17AF-48EE-8DD8-CF88D482606C}.Release|net_4_x.Build.0 = Release|Any CPU
		{70A422C5-17AF-48EE-8DD8-CF88D482606C}.Release|x64.ActiveCfg = Release|x64
		{70A422C5-17AF-48EE-8DD8-CF88D482606C}.Release|x64.Build.0 = Release|x64
		{70A422C5-17AF-48EE-8DD8-CF88D482606C}.Release|x86.ActiveCfg = Release|Any CPU
		{70A422C5-17AF-48EE-8DD8-CF88D482606C}.Release|x86.Build.0 = Release|Any CPU
		{9091B5ED-8AFF-4B93-801A-9A33E0895A2B}.Debug|Any CPU.ActiveCfg = Debug|Any CPU
		{9091B5ED-8AFF-4B93-801A-9A33E0895A2B}.Debug|Any CPU.Build.0 = Debug|Any CPU
		{9091B5ED-8AFF-4B93-801A-9A33E0895A2B}.Debug|net_4_x.ActiveCfg = Debug|Any CPU
		{9091B5ED-8AFF-4B93-801A-9A33E0895A2B}.Debug|net_4_x.Build.0 = Debug|Any CPU
		{9091B5ED-8AFF-4B93-801A-9A33E0895A2B}.Debug|x64.ActiveCfg = Debug|x64
		{9091B5ED-8AFF-4B93-801A-9A33E0895A2B}.Debug|x64.Build.0 = Debug|x64
		{9091B5ED-8AFF-4B93-801A-9A33E0895A2B}.Debug|x86.ActiveCfg = Debug|Any CPU
		{9091B5ED-8AFF-4B93-801A-9A33E0895A2B}.Debug|x86.Build.0 = Debug|Any CPU
		{9091B5ED-8AFF-4B93-801A-9A33E0895A2B}.Release|Any CPU.ActiveCfg = Release|Any CPU
		{9091B5ED-8AFF-4B93-801A-9A33E0895A2B}.Release|Any CPU.Build.0 = Release|Any CPU
		{9091B5ED-8AFF-4B93-801A-9A33E0895A2B}.Release|net_4_x.ActiveCfg = Release|Any CPU
		{9091B5ED-8AFF-4B93-801A-9A33E0895A2B}.Release|net_4_x.Build.0 = Release|Any CPU
		{9091B5ED-8AFF-4B93-801A-9A33E0895A2B}.Release|x64.ActiveCfg = Release|x64
		{9091B5ED-8AFF-4B93-801A-9A33E0895A2B}.Release|x64.Build.0 = Release|x64
		{9091B5ED-8AFF-4B93-801A-9A33E0895A2B}.Release|x86.ActiveCfg = Release|Any CPU
		{9091B5ED-8AFF-4B93-801A-9A33E0895A2B}.Release|x86.Build.0 = Release|Any CPU
		{2210873E-99FC-48A2-A261-D650BAE33A1C}.Debug|Any CPU.ActiveCfg = Debug|Any CPU
		{2210873E-99FC-48A2-A261-D650BAE33A1C}.Debug|Any CPU.Build.0 = Debug|Any CPU
		{2210873E-99FC-48A2-A261-D650BAE33A1C}.Debug|net_4_x.ActiveCfg = Debug|Any CPU
		{2210873E-99FC-48A2-A261-D650BAE33A1C}.Debug|net_4_x.Build.0 = Debug|Any CPU
		{2210873E-99FC-48A2-A261-D650BAE33A1C}.Debug|x64.ActiveCfg = Debug|x64
		{2210873E-99FC-48A2-A261-D650BAE33A1C}.Debug|x64.Build.0 = Debug|x64
		{2210873E-99FC-48A2-A261-D650BAE33A1C}.Debug|x86.ActiveCfg = Debug|Any CPU
		{2210873E-99FC-48A2-A261-D650BAE33A1C}.Debug|x86.Build.0 = Debug|Any CPU
		{2210873E-99FC-48A2-A261-D650BAE33A1C}.Release|Any CPU.ActiveCfg = Release|Any CPU
		{2210873E-99FC-48A2-A261-D650BAE33A1C}.Release|Any CPU.Build.0 = Release|Any CPU
		{2210873E-99FC-48A2-A261-D650BAE33A1C}.Release|net_4_x.ActiveCfg = Release|Any CPU
		{2210873E-99FC-48A2-A261-D650BAE33A1C}.Release|net_4_x.Build.0 = Release|Any CPU
		{2210873E-99FC-48A2-A261-D650BAE33A1C}.Release|x64.ActiveCfg = Release|x64
		{2210873E-99FC-48A2-A261-D650BAE33A1C}.Release|x64.Build.0 = Release|x64
		{2210873E-99FC-48A2-A261-D650BAE33A1C}.Release|x86.ActiveCfg = Release|Any CPU
		{2210873E-99FC-48A2-A261-D650BAE33A1C}.Release|x86.Build.0 = Release|Any CPU
		{E2DFB2FB-5133-4471-AE5C-5E4D21266009}.Debug|Any CPU.ActiveCfg = Debug|Any CPU
		{E2DFB2FB-5133-4471-AE5C-5E4D21266009}.Debug|Any CPU.Build.0 = Debug|Any CPU
		{E2DFB2FB-5133-4471-AE5C-5E4D21266009}.Debug|net_4_x.ActiveCfg = Debug|Any CPU
		{E2DFB2FB-5133-4471-AE5C-5E4D21266009}.Debug|net_4_x.Build.0 = Debug|Any CPU
		{E2DFB2FB-5133-4471-AE5C-5E4D21266009}.Debug|x64.ActiveCfg = Debug|Any CPU
		{E2DFB2FB-5133-4471-AE5C-5E4D21266009}.Debug|x64.Build.0 = Debug|Any CPU
		{E2DFB2FB-5133-4471-AE5C-5E4D21266009}.Debug|x86.ActiveCfg = Debug|Any CPU
		{E2DFB2FB-5133-4471-AE5C-5E4D21266009}.Debug|x86.Build.0 = Debug|Any CPU
		{E2DFB2FB-5133-4471-AE5C-5E4D21266009}.Release|Any CPU.ActiveCfg = Debug|Any CPU
		{E2DFB2FB-5133-4471-AE5C-5E4D21266009}.Release|Any CPU.Build.0 = Debug|Any CPU
		{E2DFB2FB-5133-4471-AE5C-5E4D21266009}.Release|net_4_x.ActiveCfg = Debug|Any CPU
		{E2DFB2FB-5133-4471-AE5C-5E4D21266009}.Release|net_4_x.Build.0 = Debug|Any CPU
		{E2DFB2FB-5133-4471-AE5C-5E4D21266009}.Release|x64.ActiveCfg = Debug|Any CPU
		{E2DFB2FB-5133-4471-AE5C-5E4D21266009}.Release|x64.Build.0 = Debug|Any CPU
		{E2DFB2FB-5133-4471-AE5C-5E4D21266009}.Release|x86.ActiveCfg = Debug|Any CPU
		{E2DFB2FB-5133-4471-AE5C-5E4D21266009}.Release|x86.Build.0 = Debug|Any CPU
		{FD725431-CB26-466D-BD55-C739485A50C9}.Debug|Any CPU.ActiveCfg = Debug|Any CPU
		{FD725431-CB26-466D-BD55-C739485A50C9}.Debug|Any CPU.Build.0 = Debug|Any CPU
		{FD725431-CB26-466D-BD55-C739485A50C9}.Debug|net_4_x.ActiveCfg = Debug|Any CPU
		{FD725431-CB26-466D-BD55-C739485A50C9}.Debug|net_4_x.Build.0 = Debug|Any CPU
		{FD725431-CB26-466D-BD55-C739485A50C9}.Debug|x64.ActiveCfg = Debug|Any CPU
		{FD725431-CB26-466D-BD55-C739485A50C9}.Debug|x64.Build.0 = Debug|Any CPU
		{FD725431-CB26-466D-BD55-C739485A50C9}.Debug|x86.ActiveCfg = Debug|Any CPU
		{FD725431-CB26-466D-BD55-C739485A50C9}.Debug|x86.Build.0 = Debug|Any CPU
		{FD725431-CB26-466D-BD55-C739485A50C9}.Release|Any CPU.ActiveCfg = Release|Any CPU
		{FD725431-CB26-466D-BD55-C739485A50C9}.Release|Any CPU.Build.0 = Release|Any CPU
		{FD725431-CB26-466D-BD55-C739485A50C9}.Release|net_4_x.ActiveCfg = Release|Any CPU
		{FD725431-CB26-466D-BD55-C739485A50C9}.Release|net_4_x.Build.0 = Release|Any CPU
		{FD725431-CB26-466D-BD55-C739485A50C9}.Release|x64.ActiveCfg = Release|Any CPU
		{FD725431-CB26-466D-BD55-C739485A50C9}.Release|x64.Build.0 = Release|Any CPU
		{FD725431-CB26-466D-BD55-C739485A50C9}.Release|x86.ActiveCfg = Release|Any CPU
		{FD725431-CB26-466D-BD55-C739485A50C9}.Release|x86.Build.0 = Release|Any CPU
		{8A516908-7CA0-40A7-86DD-0BEE1F4496C6}.Debug|Any CPU.ActiveCfg = Debug|Any CPU
		{8A516908-7CA0-40A7-86DD-0BEE1F4496C6}.Debug|Any CPU.Build.0 = Debug|Any CPU
		{8A516908-7CA0-40A7-86DD-0BEE1F4496C6}.Debug|net_4_x.ActiveCfg = Debug|Any CPU
		{8A516908-7CA0-40A7-86DD-0BEE1F4496C6}.Debug|net_4_x.Build.0 = Debug|Any CPU
		{8A516908-7CA0-40A7-86DD-0BEE1F4496C6}.Debug|x64.ActiveCfg = Debug|x64
		{8A516908-7CA0-40A7-86DD-0BEE1F4496C6}.Debug|x64.Build.0 = Debug|x64
		{8A516908-7CA0-40A7-86DD-0BEE1F4496C6}.Debug|x86.ActiveCfg = Debug|Any CPU
		{8A516908-7CA0-40A7-86DD-0BEE1F4496C6}.Debug|x86.Build.0 = Debug|Any CPU
		{8A516908-7CA0-40A7-86DD-0BEE1F4496C6}.Release|Any CPU.ActiveCfg = Release|Any CPU
		{8A516908-7CA0-40A7-86DD-0BEE1F4496C6}.Release|Any CPU.Build.0 = Release|Any CPU
		{8A516908-7CA0-40A7-86DD-0BEE1F4496C6}.Release|net_4_x.ActiveCfg = Release|Any CPU
		{8A516908-7CA0-40A7-86DD-0BEE1F4496C6}.Release|net_4_x.Build.0 = Release|Any CPU
		{8A516908-7CA0-40A7-86DD-0BEE1F4496C6}.Release|x64.ActiveCfg = Release|x64
		{8A516908-7CA0-40A7-86DD-0BEE1F4496C6}.Release|x64.Build.0 = Release|x64
		{8A516908-7CA0-40A7-86DD-0BEE1F4496C6}.Release|x86.ActiveCfg = Release|Any CPU
		{8A516908-7CA0-40A7-86DD-0BEE1F4496C6}.Release|x86.Build.0 = Release|Any CPU
		{A66E42E4-023C-4B96-B80A-C212F0733CEF}.Debug|Any CPU.ActiveCfg = Debug|Any CPU
		{A66E42E4-023C-4B96-B80A-C212F0733CEF}.Debug|Any CPU.Build.0 = Debug|Any CPU
		{A66E42E4-023C-4B96-B80A-C212F0733CEF}.Debug|net_4_x.ActiveCfg = Debug|Any CPU
		{A66E42E4-023C-4B96-B80A-C212F0733CEF}.Debug|net_4_x.Build.0 = Debug|Any CPU
		{A66E42E4-023C-4B96-B80A-C212F0733CEF}.Debug|x64.ActiveCfg = Debug|Any CPU
		{A66E42E4-023C-4B96-B80A-C212F0733CEF}.Debug|x64.Build.0 = Debug|Any CPU
		{A66E42E4-023C-4B96-B80A-C212F0733CEF}.Debug|x86.ActiveCfg = Debug|Any CPU
		{A66E42E4-023C-4B96-B80A-C212F0733CEF}.Debug|x86.Build.0 = Debug|Any CPU
		{A66E42E4-023C-4B96-B80A-C212F0733CEF}.Release|Any CPU.ActiveCfg = Release|Any CPU
		{A66E42E4-023C-4B96-B80A-C212F0733CEF}.Release|Any CPU.Build.0 = Release|Any CPU
		{A66E42E4-023C-4B96-B80A-C212F0733CEF}.Release|net_4_x.ActiveCfg = Release|Any CPU
		{A66E42E4-023C-4B96-B80A-C212F0733CEF}.Release|net_4_x.Build.0 = Release|Any CPU
		{A66E42E4-023C-4B96-B80A-C212F0733CEF}.Release|x64.ActiveCfg = Release|Any CPU
		{A66E42E4-023C-4B96-B80A-C212F0733CEF}.Release|x64.Build.0 = Release|Any CPU
		{A66E42E4-023C-4B96-B80A-C212F0733CEF}.Release|x86.ActiveCfg = Release|Any CPU
		{A66E42E4-023C-4B96-B80A-C212F0733CEF}.Release|x86.Build.0 = Release|Any CPU
		{3217701B-C904-4468-B0E7-5B219810D402}.Debug|Any CPU.ActiveCfg = Debug|Any CPU
		{3217701B-C904-4468-B0E7-5B219810D402}.Debug|Any CPU.Build.0 = Debug|Any CPU
		{3217701B-C904-4468-B0E7-5B219810D402}.Debug|net_4_x.ActiveCfg = Debug|Any CPU
		{3217701B-C904-4468-B0E7-5B219810D402}.Debug|net_4_x.Build.0 = Debug|Any CPU
		{3217701B-C904-4468-B0E7-5B219810D402}.Debug|x64.ActiveCfg = Debug|Any CPU
		{3217701B-C904-4468-B0E7-5B219810D402}.Debug|x64.Build.0 = Debug|Any CPU
		{3217701B-C904-4468-B0E7-5B219810D402}.Debug|x86.ActiveCfg = Debug|Any CPU
		{3217701B-C904-4468-B0E7-5B219810D402}.Debug|x86.Build.0 = Debug|Any CPU
		{3217701B-C904-4468-B0E7-5B219810D402}.Release|Any CPU.ActiveCfg = Release|Any CPU
		{3217701B-C904-4468-B0E7-5B219810D402}.Release|Any CPU.Build.0 = Release|Any CPU
		{3217701B-C904-4468-B0E7-5B219810D402}.Release|net_4_x.ActiveCfg = Release|Any CPU
		{3217701B-C904-4468-B0E7-5B219810D402}.Release|net_4_x.Build.0 = Release|Any CPU
		{3217701B-C904-4468-B0E7-5B219810D402}.Release|x64.ActiveCfg = Release|Any CPU
		{3217701B-C904-4468-B0E7-5B219810D402}.Release|x64.Build.0 = Release|Any CPU
		{3217701B-C904-4468-B0E7-5B219810D402}.Release|x86.ActiveCfg = Release|Any CPU
		{3217701B-C904-4468-B0E7-5B219810D402}.Release|x86.Build.0 = Release|Any CPU
		{675F4175-FFB1-480D-AD36-F397578844D4}.Debug|Any CPU.ActiveCfg = Debug|x64
		{675F4175-FFB1-480D-AD36-F397578844D4}.Debug|net_4_x.ActiveCfg = Debug|x64
		{675F4175-FFB1-480D-AD36-F397578844D4}.Debug|x64.ActiveCfg = Debug|x64
		{675F4175-FFB1-480D-AD36-F397578844D4}.Debug|x64.Build.0 = Debug|x64
		{675F4175-FFB1-480D-AD36-F397578844D4}.Debug|x86.ActiveCfg = Debug|x64
		{675F4175-FFB1-480D-AD36-F397578844D4}.Release|Any CPU.ActiveCfg = Debug|x64
		{675F4175-FFB1-480D-AD36-F397578844D4}.Release|Any CPU.Build.0 = Debug|x64
		{675F4175-FFB1-480D-AD36-F397578844D4}.Release|net_4_x.ActiveCfg = Debug|x64
		{675F4175-FFB1-480D-AD36-F397578844D4}.Release|net_4_x.Build.0 = Debug|x64
		{675F4175-FFB1-480D-AD36-F397578844D4}.Release|x64.ActiveCfg = Debug|x64
		{675F4175-FFB1-480D-AD36-F397578844D4}.Release|x64.Build.0 = Debug|x64
		{675F4175-FFB1-480D-AD36-F397578844D4}.Release|x86.ActiveCfg = Debug|x64
		{675F4175-FFB1-480D-AD36-F397578844D4}.Release|x86.Build.0 = Debug|x64
		{A30404A3-32AB-4583-8E5D-27D5C0A0D706}.Debug|Any CPU.ActiveCfg = Debug|x64
		{A30404A3-32AB-4583-8E5D-27D5C0A0D706}.Debug|net_4_x.ActiveCfg = Debug|x64
		{A30404A3-32AB-4583-8E5D-27D5C0A0D706}.Debug|x64.ActiveCfg = Debug|x64
		{A30404A3-32AB-4583-8E5D-27D5C0A0D706}.Debug|x64.Build.0 = Debug|x64
		{A30404A3-32AB-4583-8E5D-27D5C0A0D706}.Debug|x86.ActiveCfg = Debug|x64
		{A30404A3-32AB-4583-8E5D-27D5C0A0D706}.Release|Any CPU.ActiveCfg = Debug|x64
		{A30404A3-32AB-4583-8E5D-27D5C0A0D706}.Release|Any CPU.Build.0 = Debug|x64
		{A30404A3-32AB-4583-8E5D-27D5C0A0D706}.Release|net_4_x.ActiveCfg = Debug|x64
		{A30404A3-32AB-4583-8E5D-27D5C0A0D706}.Release|net_4_x.Build.0 = Debug|x64
		{A30404A3-32AB-4583-8E5D-27D5C0A0D706}.Release|x64.ActiveCfg = Debug|x64
		{A30404A3-32AB-4583-8E5D-27D5C0A0D706}.Release|x64.Build.0 = Debug|x64
		{A30404A3-32AB-4583-8E5D-27D5C0A0D706}.Release|x86.ActiveCfg = Debug|x64
		{A30404A3-32AB-4583-8E5D-27D5C0A0D706}.Release|x86.Build.0 = Debug|x64
		{EB56000B-C80B-4E8B-908D-D84D31B517D3}.Debug|Any CPU.ActiveCfg = Debug|Win32
		{EB56000B-C80B-4E8B-908D-D84D31B517D3}.Debug|net_4_x.ActiveCfg = Debug|Win32
		{EB56000B-C80B-4E8B-908D-D84D31B517D3}.Debug|x64.ActiveCfg = Debug|x64
		{EB56000B-C80B-4E8B-908D-D84D31B517D3}.Debug|x64.Build.0 = Debug|x64
		{EB56000B-C80B-4E8B-908D-D84D31B517D3}.Debug|x86.ActiveCfg = Debug|Win32
		{EB56000B-C80B-4E8B-908D-D84D31B517D3}.Debug|x86.Build.0 = Debug|Win32
		{EB56000B-C80B-4E8B-908D-D84D31B517D3}.Release|Any CPU.ActiveCfg = Release|Win32
		{EB56000B-C80B-4E8B-908D-D84D31B517D3}.Release|net_4_x.ActiveCfg = Release|Win32
		{EB56000B-C80B-4E8B-908D-D84D31B517D3}.Release|x64.ActiveCfg = Release|x64
		{EB56000B-C80B-4E8B-908D-D84D31B517D3}.Release|x64.Build.0 = Release|x64
		{EB56000B-C80B-4E8B-908D-D84D31B517D3}.Release|x86.ActiveCfg = Release|Win32
		{EB56000B-C80B-4E8B-908D-D84D31B517D3}.Release|x86.Build.0 = Release|Win32
		{158073ED-99AE-4196-9EDC-DDB2344F8466}.Debug|Any CPU.ActiveCfg = Debug|Win32
		{158073ED-99AE-4196-9EDC-DDB2344F8466}.Debug|net_4_x.ActiveCfg = Debug|Win32
		{158073ED-99AE-4196-9EDC-DDB2344F8466}.Debug|x64.ActiveCfg = Debug|x64
		{158073ED-99AE-4196-9EDC-DDB2344F8466}.Debug|x64.Build.0 = Debug|x64
		{158073ED-99AE-4196-9EDC-DDB2344F8466}.Debug|x86.ActiveCfg = Debug|Win32
		{158073ED-99AE-4196-9EDC-DDB2344F8466}.Debug|x86.Build.0 = Debug|Win32
		{158073ED-99AE-4196-9EDC-DDB2344F8466}.Release|Any CPU.ActiveCfg = Release|Win32
		{158073ED-99AE-4196-9EDC-DDB2344F8466}.Release|net_4_x.ActiveCfg = Release|Win32
		{158073ED-99AE-4196-9EDC-DDB2344F8466}.Release|x64.ActiveCfg = Release|x64
		{158073ED-99AE-4196-9EDC-DDB2344F8466}.Release|x64.Build.0 = Release|x64
		{158073ED-99AE-4196-9EDC-DDB2344F8466}.Release|x86.ActiveCfg = Release|Win32
		{158073ED-99AE-4196-9EDC-DDB2344F8466}.Release|x86.Build.0 = Release|Win32
		{668E9021-CE84-49D9-98FB-DF125A9FCDB0}.Debug|Any CPU.ActiveCfg = Debug|Any CPU
		{668E9021-CE84-49D9-98FB-DF125A9FCDB0}.Debug|Any CPU.Build.0 = Debug|Any CPU
		{668E9021-CE84-49D9-98FB-DF125A9FCDB0}.Debug|net_4_x.ActiveCfg = Debug|Any CPU
		{668E9021-CE84-49D9-98FB-DF125A9FCDB0}.Debug|net_4_x.Build.0 = Debug|Any CPU
		{668E9021-CE84-49D9-98FB-DF125A9FCDB0}.Debug|x64.ActiveCfg = Debug|Any CPU
		{668E9021-CE84-49D9-98FB-DF125A9FCDB0}.Debug|x64.Build.0 = Debug|Any CPU
		{668E9021-CE84-49D9-98FB-DF125A9FCDB0}.Debug|x86.ActiveCfg = Debug|Any CPU
		{668E9021-CE84-49D9-98FB-DF125A9FCDB0}.Debug|x86.Build.0 = Debug|Any CPU
		{668E9021-CE84-49D9-98FB-DF125A9FCDB0}.Release|Any CPU.ActiveCfg = Release|Any CPU
		{668E9021-CE84-49D9-98FB-DF125A9FCDB0}.Release|Any CPU.Build.0 = Release|Any CPU
		{668E9021-CE84-49D9-98FB-DF125A9FCDB0}.Release|net_4_x.ActiveCfg = Release|Any CPU
		{668E9021-CE84-49D9-98FB-DF125A9FCDB0}.Release|net_4_x.Build.0 = Release|Any CPU
		{668E9021-CE84-49D9-98FB-DF125A9FCDB0}.Release|x64.ActiveCfg = Release|Any CPU
		{668E9021-CE84-49D9-98FB-DF125A9FCDB0}.Release|x64.Build.0 = Release|Any CPU
		{668E9021-CE84-49D9-98FB-DF125A9FCDB0}.Release|x86.ActiveCfg = Release|Any CPU
		{668E9021-CE84-49D9-98FB-DF125A9FCDB0}.Release|x86.Build.0 = Release|Any CPU
		{8F18041B-9410-4C36-A9C5-067813DF5F31}.Debug|Any CPU.ActiveCfg = Debug|Any CPU
		{8F18041B-9410-4C36-A9C5-067813DF5F31}.Debug|Any CPU.Build.0 = Debug|Any CPU
		{8F18041B-9410-4C36-A9C5-067813DF5F31}.Debug|net_4_x.ActiveCfg = Debug|Any CPU
		{8F18041B-9410-4C36-A9C5-067813DF5F31}.Debug|net_4_x.Build.0 = Debug|Any CPU
		{8F18041B-9410-4C36-A9C5-067813DF5F31}.Debug|x64.ActiveCfg = Debug|Any CPU
		{8F18041B-9410-4C36-A9C5-067813DF5F31}.Debug|x64.Build.0 = Debug|Any CPU
		{8F18041B-9410-4C36-A9C5-067813DF5F31}.Debug|x86.ActiveCfg = Debug|Any CPU
		{8F18041B-9410-4C36-A9C5-067813DF5F31}.Debug|x86.Build.0 = Debug|Any CPU
		{8F18041B-9410-4C36-A9C5-067813DF5F31}.Release|Any CPU.ActiveCfg = Release|Any CPU
		{8F18041B-9410-4C36-A9C5-067813DF5F31}.Release|Any CPU.Build.0 = Release|Any CPU
		{8F18041B-9410-4C36-A9C5-067813DF5F31}.Release|net_4_x.ActiveCfg = Release|Any CPU
		{8F18041B-9410-4C36-A9C5-067813DF5F31}.Release|net_4_x.Build.0 = Release|Any CPU
		{8F18041B-9410-4C36-A9C5-067813DF5F31}.Release|x64.ActiveCfg = Release|Any CPU
		{8F18041B-9410-4C36-A9C5-067813DF5F31}.Release|x64.Build.0 = Release|Any CPU
		{8F18041B-9410-4C36-A9C5-067813DF5F31}.Release|x86.ActiveCfg = Release|Any CPU
		{8F18041B-9410-4C36-A9C5-067813DF5F31}.Release|x86.Build.0 = Release|Any CPU
		{3D3FFD8A-624D-4E9B-954B-E1C105507975}.Debug|Any CPU.ActiveCfg = Debug|Any CPU
		{3D3FFD8A-624D-4E9B-954B-E1C105507975}.Debug|Any CPU.Build.0 = Debug|Any CPU
		{3D3FFD8A-624D-4E9B-954B-E1C105507975}.Debug|net_4_x.ActiveCfg = Debug|Any CPU
		{3D3FFD8A-624D-4E9B-954B-E1C105507975}.Debug|net_4_x.Build.0 = Debug|Any CPU
		{3D3FFD8A-624D-4E9B-954B-E1C105507975}.Debug|x64.ActiveCfg = Debug|Any CPU
		{3D3FFD8A-624D-4E9B-954B-E1C105507975}.Debug|x64.Build.0 = Debug|Any CPU
		{3D3FFD8A-624D-4E9B-954B-E1C105507975}.Debug|x86.ActiveCfg = Debug|Any CPU
		{3D3FFD8A-624D-4E9B-954B-E1C105507975}.Debug|x86.Build.0 = Debug|Any CPU
		{3D3FFD8A-624D-4E9B-954B-E1C105507975}.Release|Any CPU.ActiveCfg = Debug|Any CPU
		{3D3FFD8A-624D-4E9B-954B-E1C105507975}.Release|Any CPU.Build.0 = Debug|Any CPU
		{3D3FFD8A-624D-4E9B-954B-E1C105507975}.Release|net_4_x.ActiveCfg = Debug|Any CPU
		{3D3FFD8A-624D-4E9B-954B-E1C105507975}.Release|net_4_x.Build.0 = Debug|Any CPU
		{3D3FFD8A-624D-4E9B-954B-E1C105507975}.Release|x64.ActiveCfg = Debug|Any CPU
		{3D3FFD8A-624D-4E9B-954B-E1C105507975}.Release|x64.Build.0 = Debug|Any CPU
		{3D3FFD8A-624D-4E9B-954B-E1C105507975}.Release|x86.ActiveCfg = Debug|Any CPU
		{3D3FFD8A-624D-4E9B-954B-E1C105507975}.Release|x86.Build.0 = Debug|Any CPU
		{7BF9D505-E1D2-4AD9-BF08-9257C682FAEB}.Debug|Any CPU.ActiveCfg = Debug|Any CPU
		{7BF9D505-E1D2-4AD9-BF08-9257C682FAEB}.Debug|Any CPU.Build.0 = Debug|Any CPU
		{7BF9D505-E1D2-4AD9-BF08-9257C682FAEB}.Debug|net_4_x.ActiveCfg = Debug|Any CPU
		{7BF9D505-E1D2-4AD9-BF08-9257C682FAEB}.Debug|net_4_x.Build.0 = Debug|Any CPU
		{7BF9D505-E1D2-4AD9-BF08-9257C682FAEB}.Debug|x64.ActiveCfg = Debug|Any CPU
		{7BF9D505-E1D2-4AD9-BF08-9257C682FAEB}.Debug|x64.Build.0 = Debug|Any CPU
		{7BF9D505-E1D2-4AD9-BF08-9257C682FAEB}.Debug|x86.ActiveCfg = Debug|Any CPU
		{7BF9D505-E1D2-4AD9-BF08-9257C682FAEB}.Debug|x86.Build.0 = Debug|Any CPU
		{7BF9D505-E1D2-4AD9-BF08-9257C682FAEB}.Release|Any CPU.ActiveCfg = Release|Any CPU
		{7BF9D505-E1D2-4AD9-BF08-9257C682FAEB}.Release|Any CPU.Build.0 = Release|Any CPU
		{7BF9D505-E1D2-4AD9-BF08-9257C682FAEB}.Release|net_4_x.ActiveCfg = Release|Any CPU
		{7BF9D505-E1D2-4AD9-BF08-9257C682FAEB}.Release|net_4_x.Build.0 = Release|Any CPU
		{7BF9D505-E1D2-4AD9-BF08-9257C682FAEB}.Release|x64.ActiveCfg = Release|Any CPU
		{7BF9D505-E1D2-4AD9-BF08-9257C682FAEB}.Release|x64.Build.0 = Release|Any CPU
		{7BF9D505-E1D2-4AD9-BF08-9257C682FAEB}.Release|x86.ActiveCfg = Release|Any CPU
		{7BF9D505-E1D2-4AD9-BF08-9257C682FAEB}.Release|x86.Build.0 = Release|Any CPU
		{76EFA9C5-8D7E-4FDF-B710-E20F8B6B00D2}.Debug|Any CPU.ActiveCfg = Debug|Any CPU
		{76EFA9C5-8D7E-4FDF-B710-E20F8B6B00D2}.Debug|Any CPU.Build.0 = Debug|Any CPU
		{76EFA9C5-8D7E-4FDF-B710-E20F8B6B00D2}.Debug|net_4_x.ActiveCfg = Debug|Any CPU
		{76EFA9C5-8D7E-4FDF-B710-E20F8B6B00D2}.Debug|net_4_x.Build.0 = Debug|Any CPU
		{76EFA9C5-8D7E-4FDF-B710-E20F8B6B00D2}.Debug|x64.ActiveCfg = Debug|Any CPU
		{76EFA9C5-8D7E-4FDF-B710-E20F8B6B00D2}.Debug|x64.Build.0 = Debug|Any CPU
		{76EFA9C5-8D7E-4FDF-B710-E20F8B6B00D2}.Debug|x86.ActiveCfg = Debug|Any CPU
		{76EFA9C5-8D7E-4FDF-B710-E20F8B6B00D2}.Debug|x86.Build.0 = Debug|Any CPU
		{76EFA9C5-8D7E-4FDF-B710-E20F8B6B00D2}.Release|Any CPU.ActiveCfg = Debug|Any CPU
		{76EFA9C5-8D7E-4FDF-B710-E20F8B6B00D2}.Release|Any CPU.Build.0 = Debug|Any CPU
		{76EFA9C5-8D7E-4FDF-B710-E20F8B6B00D2}.Release|net_4_x.ActiveCfg = Debug|Any CPU
		{76EFA9C5-8D7E-4FDF-B710-E20F8B6B00D2}.Release|net_4_x.Build.0 = Debug|Any CPU
		{76EFA9C5-8D7E-4FDF-B710-E20F8B6B00D2}.Release|x64.ActiveCfg = Debug|Any CPU
		{76EFA9C5-8D7E-4FDF-B710-E20F8B6B00D2}.Release|x64.Build.0 = Debug|Any CPU
		{76EFA9C5-8D7E-4FDF-B710-E20F8B6B00D2}.Release|x86.ActiveCfg = Debug|Any CPU
		{76EFA9C5-8D7E-4FDF-B710-E20F8B6B00D2}.Release|x86.Build.0 = Debug|Any CPU
		{0939B11A-FE4E-4BA1-8AD6-D97741EE314F}.Debug|Any CPU.ActiveCfg = Debug|Any CPU
		{0939B11A-FE4E-4BA1-8AD6-D97741EE314F}.Debug|Any CPU.Build.0 = Debug|Any CPU
		{0939B11A-FE4E-4BA1-8AD6-D97741EE314F}.Debug|net_4_x.ActiveCfg = Debug|Any CPU
		{0939B11A-FE4E-4BA1-8AD6-D97741EE314F}.Debug|net_4_x.Build.0 = Debug|Any CPU
		{0939B11A-FE4E-4BA1-8AD6-D97741EE314F}.Debug|x64.ActiveCfg = Debug|Any CPU
		{0939B11A-FE4E-4BA1-8AD6-D97741EE314F}.Debug|x64.Build.0 = Debug|Any CPU
		{0939B11A-FE4E-4BA1-8AD6-D97741EE314F}.Debug|x86.ActiveCfg = Debug|Any CPU
		{0939B11A-FE4E-4BA1-8AD6-D97741EE314F}.Debug|x86.Build.0 = Debug|Any CPU
		{0939B11A-FE4E-4BA1-8AD6-D97741EE314F}.Release|Any CPU.ActiveCfg = Debug|Any CPU
		{0939B11A-FE4E-4BA1-8AD6-D97741EE314F}.Release|Any CPU.Build.0 = Debug|Any CPU
		{0939B11A-FE4E-4BA1-8AD6-D97741EE314F}.Release|net_4_x.ActiveCfg = Debug|Any CPU
		{0939B11A-FE4E-4BA1-8AD6-D97741EE314F}.Release|net_4_x.Build.0 = Debug|Any CPU
		{0939B11A-FE4E-4BA1-8AD6-D97741EE314F}.Release|x64.ActiveCfg = Debug|Any CPU
		{0939B11A-FE4E-4BA1-8AD6-D97741EE314F}.Release|x64.Build.0 = Debug|Any CPU
		{0939B11A-FE4E-4BA1-8AD6-D97741EE314F}.Release|x86.ActiveCfg = Debug|Any CPU
		{0939B11A-FE4E-4BA1-8AD6-D97741EE314F}.Release|x86.Build.0 = Debug|Any CPU
		{0EACA9B4-922A-45AA-A59B-EEBAC752E9E0}.Debug|Any CPU.ActiveCfg = Debug|Any CPU
		{0EACA9B4-922A-45AA-A59B-EEBAC752E9E0}.Debug|Any CPU.Build.0 = Debug|Any CPU
		{0EACA9B4-922A-45AA-A59B-EEBAC752E9E0}.Debug|net_4_x.ActiveCfg = Debug|Any CPU
		{0EACA9B4-922A-45AA-A59B-EEBAC752E9E0}.Debug|net_4_x.Build.0 = Debug|Any CPU
		{0EACA9B4-922A-45AA-A59B-EEBAC752E9E0}.Debug|x64.ActiveCfg = Debug|Any CPU
		{0EACA9B4-922A-45AA-A59B-EEBAC752E9E0}.Debug|x64.Build.0 = Debug|Any CPU
		{0EACA9B4-922A-45AA-A59B-EEBAC752E9E0}.Debug|x86.ActiveCfg = Debug|Any CPU
		{0EACA9B4-922A-45AA-A59B-EEBAC752E9E0}.Debug|x86.Build.0 = Debug|Any CPU
		{0EACA9B4-922A-45AA-A59B-EEBAC752E9E0}.Release|Any CPU.ActiveCfg = Release|Any CPU
		{0EACA9B4-922A-45AA-A59B-EEBAC752E9E0}.Release|Any CPU.Build.0 = Release|Any CPU
		{0EACA9B4-922A-45AA-A59B-EEBAC752E9E0}.Release|net_4_x.ActiveCfg = Release|Any CPU
		{0EACA9B4-922A-45AA-A59B-EEBAC752E9E0}.Release|net_4_x.Build.0 = Release|Any CPU
		{0EACA9B4-922A-45AA-A59B-EEBAC752E9E0}.Release|x64.ActiveCfg = Release|Any CPU
		{0EACA9B4-922A-45AA-A59B-EEBAC752E9E0}.Release|x64.Build.0 = Release|Any CPU
		{0EACA9B4-922A-45AA-A59B-EEBAC752E9E0}.Release|x86.ActiveCfg = Release|Any CPU
		{0EACA9B4-922A-45AA-A59B-EEBAC752E9E0}.Release|x86.Build.0 = Release|Any CPU
		{DBE81DD8-5288-443E-8177-0B4EC698656A}.Debug|Any CPU.ActiveCfg = Debug|Any CPU
		{DBE81DD8-5288-443E-8177-0B4EC698656A}.Debug|Any CPU.Build.0 = Debug|Any CPU
		{DBE81DD8-5288-443E-8177-0B4EC698656A}.Debug|net_4_x.ActiveCfg = Debug|net_4_x
		{DBE81DD8-5288-443E-8177-0B4EC698656A}.Debug|net_4_x.Build.0 = Debug|net_4_x
		{DBE81DD8-5288-443E-8177-0B4EC698656A}.Debug|x64.ActiveCfg = Debug|x64
		{DBE81DD8-5288-443E-8177-0B4EC698656A}.Debug|x64.Build.0 = Debug|x64
		{DBE81DD8-5288-443E-8177-0B4EC698656A}.Debug|x86.ActiveCfg = Debug|Any CPU
		{DBE81DD8-5288-443E-8177-0B4EC698656A}.Debug|x86.Build.0 = Debug|Any CPU
		{DBE81DD8-5288-443E-8177-0B4EC698656A}.Release|Any CPU.ActiveCfg = Release|Any CPU
		{DBE81DD8-5288-443E-8177-0B4EC698656A}.Release|Any CPU.Build.0 = Release|Any CPU
		{DBE81DD8-5288-443E-8177-0B4EC698656A}.Release|net_4_x.ActiveCfg = Release|net_4_x
		{DBE81DD8-5288-443E-8177-0B4EC698656A}.Release|net_4_x.Build.0 = Release|net_4_x
		{DBE81DD8-5288-443E-8177-0B4EC698656A}.Release|x64.ActiveCfg = Release|x64
		{DBE81DD8-5288-443E-8177-0B4EC698656A}.Release|x64.Build.0 = Release|x64
		{DBE81DD8-5288-443E-8177-0B4EC698656A}.Release|x86.ActiveCfg = Release|Any CPU
		{DBE81DD8-5288-443E-8177-0B4EC698656A}.Release|x86.Build.0 = Release|Any CPU
	EndGlobalSection
	GlobalSection(SolutionProperties) = preSolution
		HideSolutionNode = FALSE
	EndGlobalSection
	GlobalSection(NestedProjects) = preSolution
		{42D59DE7-586F-4ACF-BDD5-E7869E39E3EF} = {04CE00A3-E847-4C67-997E-C0D7101BF98B}
		{483DB7F6-9145-4AE2-B9B2-2B5EE6FDEFB4} = {04CE00A3-E847-4C67-997E-C0D7101BF98B}
		{2762E921-91A8-4C87-91E9-BA628013F753} = {04CE00A3-E847-4C67-997E-C0D7101BF98B}
		{87FD2F0F-5222-4AE6-BD63-2D4975E11E5B} = {04CE00A3-E847-4C67-997E-C0D7101BF98B}
		{19954F80-065E-4D46-8FEF-62BA4D6CFDAD} = {04CE00A3-E847-4C67-997E-C0D7101BF98B}
		{A5216031-11A3-44DD-B2FF-A14AE63BD0C3} = {04CE00A3-E847-4C67-997E-C0D7101BF98B}
		{D5CDC09C-F19A-4811-A6C8-70F51CBFB644} = {04CE00A3-E847-4C67-997E-C0D7101BF98B}
		{3ED36717-A9D1-4289-8949-9B7F39766DEB} = {04CE00A3-E847-4C67-997E-C0D7101BF98B}
		{66DBB049-785B-4C2E-9EF6-C9E163F7DDD1} = {04CE00A3-E847-4C67-997E-C0D7101BF98B}
		{359142A1-D80F-401E-AA64-7167C9317649} = {04CE00A3-E847-4C67-997E-C0D7101BF98B}
		{647DC12E-A4EE-424A-9EC7-CE6643EE2EF7} = {E1B404C3-0C4C-4B72-98C2-0ED95D7252A9}
		{3821C69F-220D-4231-992C-0FE05311A005} = {E1B404C3-0C4C-4B72-98C2-0ED95D7252A9}
		{39F59AE4-1381-4275-B14E-16D786F40B93} = {E1B404C3-0C4C-4B72-98C2-0ED95D7252A9}
		{EC439BB8-FFED-4A32-A05D-2FA3A70CAD64} = {E1B404C3-0C4C-4B72-98C2-0ED95D7252A9}
		{8F86C287-38A5-49F8-BE6D-1E0E3D74AF39} = {13BBBE4B-BB4F-43D2-B173-44C5E3F025F6}
		{A157AD69-59D4-49DE-94B3-DB883B2BEAA5} = {04CE00A3-E847-4C67-997E-C0D7101BF98B}
		{371560EA-7BD3-4025-90CB-F1B112403CF2} = {E1B404C3-0C4C-4B72-98C2-0ED95D7252A9}
		{928432BE-3518-4103-97F6-48B9658588A6} = {FB463012-EB39-4915-BAA7-332DEBA6A68F}
		{DE51B021-D51C-4F26-99EE-B0729D97631E} = {FB463012-EB39-4915-BAA7-332DEBA6A68F}
		{F19F77AE-1A81-4676-BAB8-6C1DA243A961} = {82ADCD3E-FB63-44D5-A832-775AAE9C79F2}
		{B144ACD4-089D-4769-8605-583FBEDB5B7C} = {13BBBE4B-BB4F-43D2-B173-44C5E3F025F6}
		{D845AD9D-3CCB-49CB-9543-028678E94938} = {82ADCD3E-FB63-44D5-A832-775AAE9C79F2}
		{526286D5-38D9-4579-B001-471440D57752} = {04CE00A3-E847-4C67-997E-C0D7101BF98B}
		{E6EE9E9A-42BA-4202-8813-FCF40E9061BF} = {E1B404C3-0C4C-4B72-98C2-0ED95D7252A9}
		{79D6E70D-8FD8-4EAA-9E81-B32B5C2815FB} = {FB463012-EB39-4915-BAA7-332DEBA6A68F}
		{67822258-3D1E-449F-ACDD-BE1918B44458} = {82ADCD3E-FB63-44D5-A832-775AAE9C79F2}
		{A455F1BB-6273-4BAE-985C-563BED11D529} = {82ADCD3E-FB63-44D5-A832-775AAE9C79F2}
		{F1636C0A-FC68-4362-918F-9CCC789FED13} = {82ADCD3E-FB63-44D5-A832-775AAE9C79F2}
		{A98B5CC3-EAFC-4EFD-ABC6-2F2A65BE98F5} = {82ADCD3E-FB63-44D5-A832-775AAE9C79F2}
		{5883D056-B748-4D13-A7E3-2D2756CDC6BC} = {82ADCD3E-FB63-44D5-A832-775AAE9C79F2}
		{1E1BC1A8-EAD2-496C-A6D6-8AFABD741F56} = {04CE00A3-E847-4C67-997E-C0D7101BF98B}
		{994BF3A4-85FD-4FDB-9120-C3A3B44A57CD} = {04CE00A3-E847-4C67-997E-C0D7101BF98B}
		{5428F1E0-B0ED-46D6-B429-27D1A1C175C0} = {04CE00A3-E847-4C67-997E-C0D7101BF98B}
		{2FFB9A8F-DB7B-41FF-9398-15DF81AE1BC8} = {E1B404C3-0C4C-4B72-98C2-0ED95D7252A9}
		{5A287CAF-8FA4-42F7-976D-EE16D76CF2F1} = {E1B404C3-0C4C-4B72-98C2-0ED95D7252A9}
		{A559EE60-2FE6-47DD-B4B8-0097BD242D86} = {E1B404C3-0C4C-4B72-98C2-0ED95D7252A9}
		{64D286EF-32EA-4494-9DD6-36609597A11A} = {E1B404C3-0C4C-4B72-98C2-0ED95D7252A9}
		{70A422C5-17AF-48EE-8DD8-CF88D482606C} = {E1B404C3-0C4C-4B72-98C2-0ED95D7252A9}
		{9091B5ED-8AFF-4B93-801A-9A33E0895A2B} = {13BBBE4B-BB4F-43D2-B173-44C5E3F025F6}
		{2210873E-99FC-48A2-A261-D650BAE33A1C} = {04CE00A3-E847-4C67-997E-C0D7101BF98B}
		{E2DFB2FB-5133-4471-AE5C-5E4D21266009} = {04CE00A3-E847-4C67-997E-C0D7101BF98B}
		{FD725431-CB26-466D-BD55-C739485A50C9} = {04CE00A3-E847-4C67-997E-C0D7101BF98B}
		{8A516908-7CA0-40A7-86DD-0BEE1F4496C6} = {E1B404C3-0C4C-4B72-98C2-0ED95D7252A9}
		{675F4175-FFB1-480D-AD36-F397578844D4} = {13BBBE4B-BB4F-43D2-B173-44C5E3F025F6}
		{A30404A3-32AB-4583-8E5D-27D5C0A0D706} = {13BBBE4B-BB4F-43D2-B173-44C5E3F025F6}
		{EB56000B-C80B-4E8B-908D-D84D31B517D3} = {13BBBE4B-BB4F-43D2-B173-44C5E3F025F6}
		{158073ED-99AE-4196-9EDC-DDB2344F8466} = {13BBBE4B-BB4F-43D2-B173-44C5E3F025F6}
		{3D3FFD8A-624D-4E9B-954B-E1C105507975} = {DD1C89DF-D7CE-498D-A37B-A61FC88E0266}
		{7BF9D505-E1D2-4AD9-BF08-9257C682FAEB} = {DD1C89DF-D7CE-498D-A37B-A61FC88E0266}
		{76EFA9C5-8D7E-4FDF-B710-E20F8B6B00D2} = {DD1C89DF-D7CE-498D-A37B-A61FC88E0266}
		{0939B11A-FE4E-4BA1-8AD6-D97741EE314F} = {DD1C89DF-D7CE-498D-A37B-A61FC88E0266}
		{0EACA9B4-922A-45AA-A59B-EEBAC752E9E0} = {DD1C89DF-D7CE-498D-A37B-A61FC88E0266}
		{DBE81DD8-5288-443E-8177-0B4EC698656A} = {13BBBE4B-BB4F-43D2-B173-44C5E3F025F6}
	EndGlobalSection
	GlobalSection(ExtensibilityGlobals) = postSolution
		SolutionGuid = {E6A777EF-28CC-4AF4-9664-1FC891677CC7}
	EndGlobalSection
EndGlobal
