
Microsoft Visual Studio Solution File, Format Version 12.00
# Visual Studio 15
VisualStudioVersion = 15.0.28307.102
MinimumVisualStudioVersion = 10.0.40219.1
Project("{FAE04EC0-301F-11D3-BF4B-00C04F79EFBC}") = "corlib", "corlib\corlib.csproj", "{4627BDAB-CA24-40D0-A627-01692BA51B44}"
EndProject
Project("{FAE04EC0-301F-11D3-BF4B-00C04F79EFBC}") = "System", "System\System.csproj", "{8E30FC6B-D06F-495E-A5C9-18B40575FD60}"
EndProject
Project("{FAE04EC0-301F-11D3-BF4B-00C04F79EFBC}") = "System.Core", "System.Core\System.Core.csproj", "{E3149CAB-0AC5-415C-9309-E2636CAF1EBD}"
EndProject
Global
	GlobalSection(SolutionConfigurationPlatforms) = preSolution
		Debug|monodroid = Debug|monodroid
		Debug|monotouch = Debug|monotouch
		Debug|monotouch_runtime = Debug|monotouch_runtime
		Debug|monotouch_tv = Debug|monotouch_tv
		Debug|monotouch_tv_runtime = Debug|monotouch_tv_runtime
		Debug|monotouch_watch = Debug|monotouch_watch
		Debug|monotouch_watch_runtime = Debug|monotouch_watch_runtime
		Debug|net_4_x = Debug|net_4_x
		Debug|orbis = Debug|orbis
		Debug|unreal = Debug|unreal
		Debug|wasm = Debug|wasm
		Debug|winaot = Debug|winaot
		Debug|xammac = Debug|xammac
		Debug|xammac_net_4_5 = Debug|xammac_net_4_5
		Release|monodroid = Release|monodroid
		Release|monotouch = Release|monotouch
		Release|monotouch_runtime = Release|monotouch_runtime
		Release|monotouch_tv = Release|monotouch_tv
		Release|monotouch_tv_runtime = Release|monotouch_tv_runtime
		Release|monotouch_watch = Release|monotouch_watch
		Release|monotouch_watch_runtime = Release|monotouch_watch_runtime
		Release|net_4_x = Release|net_4_x
		Release|orbis = Release|orbis
		Release|unreal = Release|unreal
		Release|wasm = Release|wasm
		Release|winaot = Release|winaot
		Release|xammac = Release|xammac
		Release|xammac_net_4_5 = Release|xammac_net_4_5
	EndGlobalSection
	GlobalSection(ProjectConfigurationPlatforms) = postSolution
		{4627BDAB-CA24-40D0-A627-01692BA51B44}.Debug|monodroid.ActiveCfg = Debug|monodroid
		{4627BDAB-CA24-40D0-A627-01692BA51B44}.Debug|monodroid.Build.0 = Debug|monodroid
		{4627BDAB-CA24-40D0-A627-01692BA51B44}.Debug|monotouch.ActiveCfg = Debug|monotouch
		{4627BDAB-CA24-40D0-A627-01692BA51B44}.Debug|monotouch.Build.0 = Debug|monotouch
		{4627BDAB-CA24-40D0-A627-01692BA51B44}.Debug|monotouch_runtime.ActiveCfg = Debug|monotouch_runtime
		{4627BDAB-CA24-40D0-A627-01692BA51B44}.Debug|monotouch_runtime.Build.0 = Debug|monotouch_runtime
		{4627BDAB-CA24-40D0-A627-01692BA51B44}.Debug|monotouch_tv.ActiveCfg = Debug|monotouch_tv
		{4627BDAB-CA24-40D0-A627-01692BA51B44}.Debug|monotouch_tv.Build.0 = Debug|monotouch_tv
		{4627BDAB-CA24-40D0-A627-01692BA51B44}.Debug|monotouch_tv_runtime.ActiveCfg = Debug|monotouch_tv_runtime
		{4627BDAB-CA24-40D0-A627-01692BA51B44}.Debug|monotouch_tv_runtime.Build.0 = Debug|monotouch_tv_runtime
		{4627BDAB-CA24-40D0-A627-01692BA51B44}.Debug|monotouch_watch.ActiveCfg = Debug|monotouch_watch
		{4627BDAB-CA24-40D0-A627-01692BA51B44}.Debug|monotouch_watch.Build.0 = Debug|monotouch_watch
		{4627BDAB-CA24-40D0-A627-01692BA51B44}.Debug|monotouch_watch_runtime.ActiveCfg = Debug|monotouch_watch_runtime
		{4627BDAB-CA24-40D0-A627-01692BA51B44}.Debug|monotouch_watch_runtime.Build.0 = Debug|monotouch_watch_runtime
		{4627BDAB-CA24-40D0-A627-01692BA51B44}.Debug|net_4_x.ActiveCfg = Debug|net_4_x
		{4627BDAB-CA24-40D0-A627-01692BA51B44}.Debug|net_4_x.Build.0 = Debug|net_4_x
		{4627BDAB-CA24-40D0-A627-01692BA51B44}.Debug|orbis.ActiveCfg = Debug|orbis
		{4627BDAB-CA24-40D0-A627-01692BA51B44}.Debug|orbis.Build.0 = Debug|orbis
		{4627BDAB-CA24-40D0-A627-01692BA51B44}.Debug|unreal.ActiveCfg = Debug|unreal
		{4627BDAB-CA24-40D0-A627-01692BA51B44}.Debug|unreal.Build.0 = Debug|unreal
		{4627BDAB-CA24-40D0-A627-01692BA51B44}.Debug|wasm.ActiveCfg = Debug|wasm
		{4627BDAB-CA24-40D0-A627-01692BA51B44}.Debug|wasm.Build.0 = Debug|wasm
		{4627BDAB-CA24-40D0-A627-01692BA51B44}.Debug|winaot.ActiveCfg = Debug|winaot
		{4627BDAB-CA24-40D0-A627-01692BA51B44}.Debug|winaot.Build.0 = Debug|winaot
		{4627BDAB-CA24-40D0-A627-01692BA51B44}.Debug|xammac.ActiveCfg = Debug|xammac
		{4627BDAB-CA24-40D0-A627-01692BA51B44}.Debug|xammac.Build.0 = Debug|xammac
		{4627BDAB-CA24-40D0-A627-01692BA51B44}.Debug|xammac_net_4_5.ActiveCfg = Debug|xammac_net_4_5
		{4627BDAB-CA24-40D0-A627-01692BA51B44}.Debug|xammac_net_4_5.Build.0 = Debug|xammac_net_4_5
		{4627BDAB-CA24-40D0-A627-01692BA51B44}.Release|monodroid.ActiveCfg = Release|monodroid
		{4627BDAB-CA24-40D0-A627-01692BA51B44}.Release|monodroid.Build.0 = Release|monodroid
		{4627BDAB-CA24-40D0-A627-01692BA51B44}.Release|monotouch.ActiveCfg = Release|monotouch
		{4627BDAB-CA24-40D0-A627-01692BA51B44}.Release|monotouch.Build.0 = Release|monotouch
		{4627BDAB-CA24-40D0-A627-01692BA51B44}.Release|monotouch_runtime.ActiveCfg = Release|monotouch_runtime
		{4627BDAB-CA24-40D0-A627-01692BA51B44}.Release|monotouch_runtime.Build.0 = Release|monotouch_runtime
		{4627BDAB-CA24-40D0-A627-01692BA51B44}.Release|monotouch_tv.ActiveCfg = Release|monotouch_tv
		{4627BDAB-CA24-40D0-A627-01692BA51B44}.Release|monotouch_tv.Build.0 = Release|monotouch_tv
		{4627BDAB-CA24-40D0-A627-01692BA51B44}.Release|monotouch_tv_runtime.ActiveCfg = Release|monotouch_tv_runtime
		{4627BDAB-CA24-40D0-A627-01692BA51B44}.Release|monotouch_tv_runtime.Build.0 = Release|monotouch_tv_runtime
		{4627BDAB-CA24-40D0-A627-01692BA51B44}.Release|monotouch_watch.ActiveCfg = Release|monotouch_watch
		{4627BDAB-CA24-40D0-A627-01692BA51B44}.Release|monotouch_watch.Build.0 = Release|monotouch_watch
		{4627BDAB-CA24-40D0-A627-01692BA51B44}.Release|monotouch_watch_runtime.ActiveCfg = Release|monotouch_watch_runtime
		{4627BDAB-CA24-40D0-A627-01692BA51B44}.Release|monotouch_watch_runtime.Build.0 = Release|monotouch_watch_runtime
		{4627BDAB-CA24-40D0-A627-01692BA51B44}.Release|net_4_x.ActiveCfg = Release|net_4_x
		{4627BDAB-CA24-40D0-A627-01692BA51B44}.Release|net_4_x.Build.0 = Release|net_4_x
		{4627BDAB-CA24-40D0-A627-01692BA51B44}.Release|orbis.ActiveCfg = Release|orbis
		{4627BDAB-CA24-40D0-A627-01692BA51B44}.Release|orbis.Build.0 = Release|orbis
		{4627BDAB-CA24-40D0-A627-01692BA51B44}.Release|unreal.ActiveCfg = Release|unreal
		{4627BDAB-CA24-40D0-A627-01692BA51B44}.Release|unreal.Build.0 = Release|unreal
		{4627BDAB-CA24-40D0-A627-01692BA51B44}.Release|wasm.ActiveCfg = Release|wasm
		{4627BDAB-CA24-40D0-A627-01692BA51B44}.Release|wasm.Build.0 = Release|wasm
		{4627BDAB-CA24-40D0-A627-01692BA51B44}.Release|winaot.ActiveCfg = Release|winaot
		{4627BDAB-CA24-40D0-A627-01692BA51B44}.Release|winaot.Build.0 = Release|winaot
		{4627BDAB-CA24-40D0-A627-01692BA51B44}.Release|xammac.ActiveCfg = Release|xammac
		{4627BDAB-CA24-40D0-A627-01692BA51B44}.Release|xammac.Build.0 = Release|xammac
		{4627BDAB-CA24-40D0-A627-01692BA51B44}.Release|xammac_net_4_5.ActiveCfg = Release|xammac_net_4_5
		{4627BDAB-CA24-40D0-A627-01692BA51B44}.Release|xammac_net_4_5.Build.0 = Release|xammac_net_4_5
		{8E30FC6B-D06F-495E-A5C9-18B40575FD60}.Debug|monodroid.ActiveCfg = Debug|monodroid
		{8E30FC6B-D06F-495E-A5C9-18B40575FD60}.Debug|monodroid.Build.0 = Debug|monodroid
		{8E30FC6B-D06F-495E-A5C9-18B40575FD60}.Debug|monotouch.ActiveCfg = Debug|monotouch
		{8E30FC6B-D06F-495E-A5C9-18B40575FD60}.Debug|monotouch.Build.0 = Debug|monotouch
		{8E30FC6B-D06F-495E-A5C9-18B40575FD60}.Debug|monotouch_runtime.ActiveCfg = Debug|monotouch_runtime
		{8E30FC6B-D06F-495E-A5C9-18B40575FD60}.Debug|monotouch_runtime.Build.0 = Debug|monotouch_runtime
		{8E30FC6B-D06F-495E-A5C9-18B40575FD60}.Debug|monotouch_tv.ActiveCfg = Debug|monotouch_tv
		{8E30FC6B-D06F-495E-A5C9-18B40575FD60}.Debug|monotouch_tv.Build.0 = Debug|monotouch_tv
		{8E30FC6B-D06F-495E-A5C9-18B40575FD60}.Debug|monotouch_tv_runtime.ActiveCfg = Debug|monotouch_tv_runtime
		{8E30FC6B-D06F-495E-A5C9-18B40575FD60}.Debug|monotouch_tv_runtime.Build.0 = Debug|monotouch_tv_runtime
		{8E30FC6B-D06F-495E-A5C9-18B40575FD60}.Debug|monotouch_watch.ActiveCfg = Debug|monotouch_watch
		{8E30FC6B-D06F-495E-A5C9-18B40575FD60}.Debug|monotouch_watch.Build.0 = Debug|monotouch_watch
		{8E30FC6B-D06F-495E-A5C9-18B40575FD60}.Debug|monotouch_watch_runtime.ActiveCfg = Debug|monotouch_watch_runtime
		{8E30FC6B-D06F-495E-A5C9-18B40575FD60}.Debug|monotouch_watch_runtime.Build.0 = Debug|monotouch_watch_runtime
		{8E30FC6B-D06F-495E-A5C9-18B40575FD60}.Debug|net_4_x.ActiveCfg = Debug|net_4_x
		{8E30FC6B-D06F-495E-A5C9-18B40575FD60}.Debug|net_4_x.Build.0 = Debug|net_4_x
		{8E30FC6B-D06F-495E-A5C9-18B40575FD60}.Debug|orbis.ActiveCfg = Debug|orbis
		{8E30FC6B-D06F-495E-A5C9-18B40575FD60}.Debug|orbis.Build.0 = Debug|orbis
		{8E30FC6B-D06F-495E-A5C9-18B40575FD60}.Debug|unreal.ActiveCfg = Debug|unreal
		{8E30FC6B-D06F-495E-A5C9-18B40575FD60}.Debug|unreal.Build.0 = Debug|unreal
		{8E30FC6B-D06F-495E-A5C9-18B40575FD60}.Debug|wasm.ActiveCfg = Debug|wasm
		{8E30FC6B-D06F-495E-A5C9-18B40575FD60}.Debug|wasm.Build.0 = Debug|wasm
		{8E30FC6B-D06F-495E-A5C9-18B40575FD60}.Debug|winaot.ActiveCfg = Debug|winaot
		{8E30FC6B-D06F-495E-A5C9-18B40575FD60}.Debug|winaot.Build.0 = Debug|winaot
		{8E30FC6B-D06F-495E-A5C9-18B40575FD60}.Debug|xammac.ActiveCfg = Debug|xammac
		{8E30FC6B-D06F-495E-A5C9-18B40575FD60}.Debug|xammac.Build.0 = Debug|xammac
		{8E30FC6B-D06F-495E-A5C9-18B40575FD60}.Debug|xammac_net_4_5.ActiveCfg = Debug|xammac_net_4_5
		{8E30FC6B-D06F-495E-A5C9-18B40575FD60}.Debug|xammac_net_4_5.Build.0 = Debug|xammac_net_4_5
		{8E30FC6B-D06F-495E-A5C9-18B40575FD60}.Release|monodroid.ActiveCfg = Release|monodroid
		{8E30FC6B-D06F-495E-A5C9-18B40575FD60}.Release|monodroid.Build.0 = Release|monodroid
		{8E30FC6B-D06F-495E-A5C9-18B40575FD60}.Release|monotouch.ActiveCfg = Release|monotouch
		{8E30FC6B-D06F-495E-A5C9-18B40575FD60}.Release|monotouch.Build.0 = Release|monotouch
		{8E30FC6B-D06F-495E-A5C9-18B40575FD60}.Release|monotouch_runtime.ActiveCfg = Release|monotouch_runtime
		{8E30FC6B-D06F-495E-A5C9-18B40575FD60}.Release|monotouch_runtime.Build.0 = Release|monotouch_runtime
		{8E30FC6B-D06F-495E-A5C9-18B40575FD60}.Release|monotouch_tv.ActiveCfg = Release|monotouch_tv
		{8E30FC6B-D06F-495E-A5C9-18B40575FD60}.Release|monotouch_tv.Build.0 = Release|monotouch_tv
		{8E30FC6B-D06F-495E-A5C9-18B40575FD60}.Release|monotouch_tv_runtime.ActiveCfg = Release|monotouch_tv_runtime
		{8E30FC6B-D06F-495E-A5C9-18B40575FD60}.Release|monotouch_tv_runtime.Build.0 = Release|monotouch_tv_runtime
		{8E30FC6B-D06F-495E-A5C9-18B40575FD60}.Release|monotouch_watch.ActiveCfg = Release|monotouch_watch
		{8E30FC6B-D06F-495E-A5C9-18B40575FD60}.Release|monotouch_watch.Build.0 = Release|monotouch_watch
		{8E30FC6B-D06F-495E-A5C9-18B40575FD60}.Release|monotouch_watch_runtime.ActiveCfg = Release|monotouch_watch_runtime
		{8E30FC6B-D06F-495E-A5C9-18B40575FD60}.Release|monotouch_watch_runtime.Build.0 = Release|monotouch_watch_runtime
		{8E30FC6B-D06F-495E-A5C9-18B40575FD60}.Release|net_4_x.ActiveCfg = Release|net_4_x
		{8E30FC6B-D06F-495E-A5C9-18B40575FD60}.Release|net_4_x.Build.0 = Release|net_4_x
		{8E30FC6B-D06F-495E-A5C9-18B40575FD60}.Release|orbis.ActiveCfg = Release|orbis
		{8E30FC6B-D06F-495E-A5C9-18B40575FD60}.Release|orbis.Build.0 = Release|orbis
		{8E30FC6B-D06F-495E-A5C9-18B40575FD60}.Release|unreal.ActiveCfg = Release|unreal
		{8E30FC6B-D06F-495E-A5C9-18B40575FD60}.Release|unreal.Build.0 = Release|unreal
		{8E30FC6B-D06F-495E-A5C9-18B40575FD60}.Release|wasm.ActiveCfg = Release|wasm
		{8E30FC6B-D06F-495E-A5C9-18B40575FD60}.Release|wasm.Build.0 = Release|wasm
		{8E30FC6B-D06F-495E-A5C9-18B40575FD60}.Release|winaot.ActiveCfg = Release|winaot
		{8E30FC6B-D06F-495E-A5C9-18B40575FD60}.Release|winaot.Build.0 = Release|winaot
		{8E30FC6B-D06F-495E-A5C9-18B40575FD60}.Release|xammac.ActiveCfg = Release|xammac
		{8E30FC6B-D06F-495E-A5C9-18B40575FD60}.Release|xammac.Build.0 = Release|xammac
		{8E30FC6B-D06F-495E-A5C9-18B40575FD60}.Release|xammac_net_4_5.ActiveCfg = Release|xammac_net_4_5
		{8E30FC6B-D06F-495E-A5C9-18B40575FD60}.Release|xammac_net_4_5.Build.0 = Release|xammac_net_4_5
		{E3149CAB-0AC5-415C-9309-E2636CAF1EBD}.Debug|monodroid.ActiveCfg = Debug|monodroid
		{E3149CAB-0AC5-415C-9309-E2636CAF1EBD}.Debug|monodroid.Build.0 = Debug|monodroid
		{E3149CAB-0AC5-415C-9309-E2636CAF1EBD}.Debug|monotouch.ActiveCfg = Debug|monotouch
		{E3149CAB-0AC5-415C-9309-E2636CAF1EBD}.Debug|monotouch.Build.0 = Debug|monotouch
		{E3149CAB-0AC5-415C-9309-E2636CAF1EBD}.Debug|monotouch_runtime.ActiveCfg = Debug|monotouch_runtime
		{E3149CAB-0AC5-415C-9309-E2636CAF1EBD}.Debug|monotouch_runtime.Build.0 = Debug|monotouch_runtime
		{E3149CAB-0AC5-415C-9309-E2636CAF1EBD}.Debug|monotouch_tv.ActiveCfg = Debug|monotouch_tv
		{E3149CAB-0AC5-415C-9309-E2636CAF1EBD}.Debug|monotouch_tv.Build.0 = Debug|monotouch_tv
		{E3149CAB-0AC5-415C-9309-E2636CAF1EBD}.Debug|monotouch_tv_runtime.ActiveCfg = Debug|monotouch_tv_runtime
		{E3149CAB-0AC5-415C-9309-E2636CAF1EBD}.Debug|monotouch_tv_runtime.Build.0 = Debug|monotouch_tv_runtime
		{E3149CAB-0AC5-415C-9309-E2636CAF1EBD}.Debug|monotouch_watch.ActiveCfg = Debug|monotouch_watch
		{E3149CAB-0AC5-415C-9309-E2636CAF1EBD}.Debug|monotouch_watch.Build.0 = Debug|monotouch_watch
		{E3149CAB-0AC5-415C-9309-E2636CAF1EBD}.Debug|monotouch_watch_runtime.ActiveCfg = Debug|monotouch_watch_runtime
		{E3149CAB-0AC5-415C-9309-E2636CAF1EBD}.Debug|monotouch_watch_runtime.Build.0 = Debug|monotouch_watch_runtime
		{E3149CAB-0AC5-415C-9309-E2636CAF1EBD}.Debug|net_4_x.ActiveCfg = Debug|net_4_x
		{E3149CAB-0AC5-415C-9309-E2636CAF1EBD}.Debug|net_4_x.Build.0 = Debug|net_4_x
		{E3149CAB-0AC5-415C-9309-E2636CAF1EBD}.Debug|orbis.ActiveCfg = Debug|orbis
		{E3149CAB-0AC5-415C-9309-E2636CAF1EBD}.Debug|orbis.Build.0 = Debug|orbis
		{E3149CAB-0AC5-415C-9309-E2636CAF1EBD}.Debug|unreal.ActiveCfg = Debug|unreal
		{E3149CAB-0AC5-415C-9309-E2636CAF1EBD}.Debug|unreal.Build.0 = Debug|unreal
		{E3149CAB-0AC5-415C-9309-E2636CAF1EBD}.Debug|wasm.ActiveCfg = Debug|wasm
		{E3149CAB-0AC5-415C-9309-E2636CAF1EBD}.Debug|wasm.Build.0 = Debug|wasm
		{E3149CAB-0AC5-415C-9309-E2636CAF1EBD}.Debug|winaot.ActiveCfg = Debug|winaot
		{E3149CAB-0AC5-415C-9309-E2636CAF1EBD}.Debug|winaot.Build.0 = Debug|winaot
		{E3149CAB-0AC5-415C-9309-E2636CAF1EBD}.Debug|xammac.ActiveCfg = Debug|xammac
		{E3149CAB-0AC5-415C-9309-E2636CAF1EBD}.Debug|xammac.Build.0 = Debug|xammac
		{E3149CAB-0AC5-415C-9309-E2636CAF1EBD}.Debug|xammac_net_4_5.ActiveCfg = Debug|xammac_net_4_5
		{E3149CAB-0AC5-415C-9309-E2636CAF1EBD}.Debug|xammac_net_4_5.Build.0 = Debug|xammac_net_4_5
		{E3149CAB-0AC5-415C-9309-E2636CAF1EBD}.Release|monodroid.ActiveCfg = Release|monodroid
		{E3149CAB-0AC5-415C-9309-E2636CAF1EBD}.Release|monodroid.Build.0 = Release|monodroid
		{E3149CAB-0AC5-415C-9309-E2636CAF1EBD}.Release|monotouch.ActiveCfg = Release|monotouch
		{E3149CAB-0AC5-415C-9309-E2636CAF1EBD}.Release|monotouch.Build.0 = Release|monotouch
		{E3149CAB-0AC5-415C-9309-E2636CAF1EBD}.Release|monotouch_runtime.ActiveCfg = Release|monotouch_runtime
		{E3149CAB-0AC5-415C-9309-E2636CAF1EBD}.Release|monotouch_runtime.Build.0 = Release|monotouch_runtime
		{E3149CAB-0AC5-415C-9309-E2636CAF1EBD}.Release|monotouch_tv.ActiveCfg = Release|monotouch_tv
		{E3149CAB-0AC5-415C-9309-E2636CAF1EBD}.Release|monotouch_tv.Build.0 = Release|monotouch_tv
		{E3149CAB-0AC5-415C-9309-E2636CAF1EBD}.Release|monotouch_tv_runtime.ActiveCfg = Release|monotouch_tv_runtime
		{E3149CAB-0AC5-415C-9309-E2636CAF1EBD}.Release|monotouch_tv_runtime.Build.0 = Release|monotouch_tv_runtime
		{E3149CAB-0AC5-415C-9309-E2636CAF1EBD}.Release|monotouch_watch.ActiveCfg = Release|monotouch_watch
		{E3149CAB-0AC5-415C-9309-E2636CAF1EBD}.Release|monotouch_watch.Build.0 = Release|monotouch_watch
		{E3149CAB-0AC5-415C-9309-E2636CAF1EBD}.Release|monotouch_watch_runtime.ActiveCfg = Release|monotouch_watch_runtime
		{E3149CAB-0AC5-415C-9309-E2636CAF1EBD}.Release|monotouch_watch_runtime.Build.0 = Release|monotouch_watch_runtime
		{E3149CAB-0AC5-415C-9309-E2636CAF1EBD}.Release|net_4_x.ActiveCfg = Release|net_4_x
		{E3149CAB-0AC5-415C-9309-E2636CAF1EBD}.Release|net_4_x.Build.0 = Release|net_4_x
		{E3149CAB-0AC5-415C-9309-E2636CAF1EBD}.Release|orbis.ActiveCfg = Release|orbis
		{E3149CAB-0AC5-415C-9309-E2636CAF1EBD}.Release|orbis.Build.0 = Release|orbis
		{E3149CAB-0AC5-415C-9309-E2636CAF1EBD}.Release|unreal.ActiveCfg = Release|unreal
		{E3149CAB-0AC5-415C-9309-E2636CAF1EBD}.Release|unreal.Build.0 = Release|unreal
		{E3149CAB-0AC5-415C-9309-E2636CAF1EBD}.Release|wasm.ActiveCfg = Release|wasm
		{E3149CAB-0AC5-415C-9309-E2636CAF1EBD}.Release|wasm.Build.0 = Release|wasm
		{E3149CAB-0AC5-415C-9309-E2636CAF1EBD}.Release|winaot.ActiveCfg = Release|winaot
		{E3149CAB-0AC5-415C-9309-E2636CAF1EBD}.Release|winaot.Build.0 = Release|winaot
		{E3149CAB-0AC5-415C-9309-E2636CAF1EBD}.Release|xammac.ActiveCfg = Release|xammac
		{E3149CAB-0AC5-415C-9309-E2636CAF1EBD}.Release|xammac.Build.0 = Release|xammac
		{E3149CAB-0AC5-415C-9309-E2636CAF1EBD}.Release|xammac_net_4_5.ActiveCfg = Release|xammac_net_4_5
		{E3149CAB-0AC5-415C-9309-E2636CAF1EBD}.Release|xammac_net_4_5.Build.0 = Release|xammac_net_4_5
	EndGlobalSection
	GlobalSection(SolutionProperties) = preSolution
		HideSolutionNode = FALSE
	EndGlobalSection
	GlobalSection(ExtensibilityGlobals) = postSolution
		SolutionGuid = {A0F2B1F3-B318-4491-949E-65F7A037E923}
	EndGlobalSection
EndGlobal
